{
  "version": 4,
  "terraform_version": "1.6.6",
  "serial": 735,
  "lineage": "2ea8be6f-fcaa-e1c2-e0ea-43dd2e148169",
  "outputs": {
    "collector_dns": {
      "value": "https://collector.miggo.playground.miggo.io",
      "type": "string"
    }
  },
  "resources": [
    {
      "mode": "data",
      "type": "aws_ami",
      "name": "amzn",
      "provider": "provider[\"registry.terraform.io/hashicorp/aws\"]",
      "instances": [
        {
          "index_key": 0,
          "schema_version": 0,
          "attributes": {
            "architecture": "x86_64",
            "arn": "arn:aws:ec2:eu-central-1::image/ami-0220d416086cb9f2f",
            "block_device_mappings": [
              {
                "device_name": "/dev/xvda",
                "ebs": {
                  "delete_on_termination": "true",
                  "encrypted": "false",
                  "iops": "0",
                  "snapshot_id": "snap-0a0ce10ed7e73ed33",
                  "throughput": "0",
                  "volume_size": "8",
                  "volume_type": "gp2"
                },
                "no_device": "",
                "virtual_name": ""
              },
              {
                "device_name": "/dev/xvdcz",
                "ebs": {
                  "delete_on_termination": "true",
                  "encrypted": "false",
                  "iops": "0",
                  "snapshot_id": "snap-05d0b7620147e0dd4",
                  "throughput": "0",
                  "volume_size": "22",
                  "volume_type": "gp2"
                },
                "no_device": "",
                "virtual_name": ""
              }
            ],
            "boot_mode": "",
            "creation_date": "2024-03-06T01:05:39.000Z",
            "deprecation_time": "2026-03-06T01:05:39.000Z",
            "description": "Amazon Linux AMI amzn-ami-2018.03.20240305 x86_64 ECS HVM GP2",
            "ena_support": true,
            "executable_users": null,
            "filter": [
              {
                "name": "architecture",
                "values": [
                  "x86_64"
                ]
              },
              {
                "name": "name",
                "values": [
                  "amzn-ami*amazon-ecs-optimized"
                ]
              },
              {
                "name": "virtualization-type",
                "values": [
                  "hvm"
                ]
              }
            ],
            "hypervisor": "xen",
            "id": "ami-0220d416086cb9f2f",
            "image_id": "ami-0220d416086cb9f2f",
            "image_location": "amazon/amzn-ami-2018.03.20240305-amazon-ecs-optimized",
            "image_owner_alias": "amazon",
            "image_type": "machine",
            "imds_support": "",
            "include_deprecated": false,
            "kernel_id": "",
            "most_recent": true,
            "name": "amzn-ami-2018.03.20240305-amazon-ecs-optimized",
            "name_regex": null,
            "owner_id": "591542846629",
            "owners": [
              "amazon"
            ],
            "platform": "",
            "platform_details": "Linux/UNIX",
            "product_codes": [],
            "public": true,
            "ramdisk_id": "",
            "root_device_name": "/dev/xvda",
            "root_device_type": "ebs",
            "root_snapshot_id": "snap-0a0ce10ed7e73ed33",
            "sriov_net_support": "simple",
            "state": "available",
            "state_reason": {
              "code": "UNSET",
              "message": "UNSET"
            },
            "tags": {},
            "timeouts": null,
            "tpm_support": "",
            "usage_operation": "RunInstances",
            "virtualization_type": "hvm"
          },
          "sensitive_attributes": []
        }
      ]
    },
    {
      "mode": "data",
      "type": "aws_caller_identity",
      "name": "current",
      "provider": "provider[\"registry.terraform.io/hashicorp/aws\"]",
      "instances": [
        {
          "schema_version": 0,
          "attributes": {
            "account_id": "992382548049",
            "arn": "arn:aws:sts::992382548049:assumed-role/AWSReservedSSO_SuperAdmins_1d6eaedff4cf5064/gosha@miggo.io",
            "id": "992382548049",
            "user_id": "AROA6ODU37BIX35NITKG5:gosha@miggo.io"
          },
          "sensitive_attributes": []
        }
      ]
    },
    {
      "mode": "data",
      "type": "aws_iam_policy_document",
      "name": "ecs_node_doc",
      "provider": "provider[\"registry.terraform.io/hashicorp/aws\"]",
      "instances": [
        {
          "index_key": 0,
          "schema_version": 0,
          "attributes": {
            "id": "2851119427",
            "json": "{\n  \"Version\": \"2012-10-17\",\n  \"Statement\": [\n    {\n      \"Effect\": \"Allow\",\n      \"Action\": \"sts:AssumeRole\",\n      \"Principal\": {\n        \"Service\": \"ec2.amazonaws.com\"\n      }\n    }\n  ]\n}",
            "override_json": null,
            "override_policy_documents": null,
            "policy_id": null,
            "source_json": null,
            "source_policy_documents": null,
            "statement": [
              {
                "actions": [
                  "sts:AssumeRole"
                ],
                "condition": [],
                "effect": "Allow",
                "not_actions": [],
                "not_principals": [],
                "not_resources": [],
                "principals": [
                  {
                    "identifiers": [
                      "ec2.amazonaws.com"
                    ],
                    "type": "Service"
                  }
                ],
                "resources": [],
                "sid": ""
              }
            ],
            "version": "2012-10-17"
          },
          "sensitive_attributes": []
        }
      ]
    },
    {
      "mode": "data",
      "type": "aws_region",
      "name": "current",
      "provider": "provider[\"registry.terraform.io/hashicorp/aws\"]",
      "instances": [
        {
          "schema_version": 0,
          "attributes": {
            "description": "Europe (Frankfurt)",
            "endpoint": "ec2.eu-central-1.amazonaws.com",
            "id": "eu-central-1",
            "name": "eu-central-1"
          },
          "sensitive_attributes": []
        }
      ]
    },
    {
      "mode": "data",
      "type": "aws_route53_zone",
      "name": "selected",
      "provider": "provider[\"registry.terraform.io/hashicorp/aws\"]",
      "instances": [
        {
          "schema_version": 0,
          "attributes": {
            "arn": "arn:aws:route53:::hostedzone/Z00702703TRRCRPW5N4ZN",
            "caller_reference": "a0bc859e-922a-498c-9e05-5c42d0f4f7ac",
            "comment": "",
            "id": "Z00702703TRRCRPW5N4ZN",
            "linked_service_description": null,
            "linked_service_principal": null,
            "name": "playground.miggo.io",
            "name_servers": [
              "ns-889.awsdns-47.net",
              "ns-1052.awsdns-03.org",
              "ns-172.awsdns-21.com",
              "ns-1558.awsdns-02.co.uk"
            ],
            "primary_name_server": "ns-889.awsdns-47.net",
            "private_zone": false,
            "resource_record_set_count": 58,
            "tags": {
              "clickops": "true"
            },
            "vpc_id": null,
            "zone_id": "Z00702703TRRCRPW5N4ZN"
          },
          "sensitive_attributes": []
        }
      ]
    },
    {
      "mode": "data",
      "type": "aws_secretsmanager_secret",
      "name": "dockerhub",
      "provider": "provider[\"registry.terraform.io/hashicorp/aws\"]",
      "instances": [
        {
          "index_key": 0,
          "schema_version": 0,
          "attributes": {
            "arn": "arn:aws:secretsmanager:eu-central-1:992382548049:secret:miggo_dockerhub-vf5qvH",
            "created_date": "2024-03-21T06:57:15Z",
            "description": "",
            "id": "arn:aws:secretsmanager:eu-central-1:992382548049:secret:miggo_dockerhub-vf5qvH",
            "kms_key_id": "",
            "last_changed_date": "2024-03-21T08:48:40Z",
            "name": "miggo_dockerhub",
            "policy": "",
            "tags": {
              "clickops": "true",
              "terraformDev": "true"
            }
          },
          "sensitive_attributes": []
        }
      ]
    },
    {
      "mode": "data",
      "type": "aws_secretsmanager_secret",
      "name": "miggo",
      "provider": "provider[\"registry.terraform.io/hashicorp/aws\"]",
      "instances": [
        {
          "index_key": 0,
          "schema_version": 0,
          "attributes": {
            "arn": "arn:aws:secretsmanager:eu-central-1:992382548049:secret:miggo-iQQKnd",
            "created_date": "2024-03-21T06:54:22Z",
            "description": "",
            "id": "arn:aws:secretsmanager:eu-central-1:992382548049:secret:miggo-iQQKnd",
            "kms_key_id": "",
            "last_changed_date": "2024-03-21T06:54:22Z",
            "name": "miggo",
            "policy": "",
            "tags": {
              "clickops": "true",
              "terraformDev": "true"
            }
          },
          "sensitive_attributes": []
        }
      ]
    },
    {
      "mode": "data",
      "type": "aws_secretsmanager_secret_version",
      "name": "miggo",
      "provider": "provider[\"registry.terraform.io/hashicorp/aws\"]",
      "instances": [
        {
          "index_key": 0,
          "schema_version": 0,
          "attributes": {
            "arn": "arn:aws:secretsmanager:eu-central-1:992382548049:secret:miggo-iQQKnd",
            "created_date": "2024-03-21T06:54:22Z",
            "id": "arn:aws:secretsmanager:eu-central-1:992382548049:secret:miggo-iQQKnd|AWSCURRENT",
            "secret_binary": "",
            "secret_id": "arn:aws:secretsmanager:eu-central-1:992382548049:secret:miggo-iQQKnd",
            "secret_string": "{\"MIGGO_OTEL_AUTH\":\"20d2luZGJvdW5kOjVSMzAyWnFrODhHUg==\"}",
            "version_id": "1be2cb2e-bba8-48bc-b8a5-e0b05fa976e6",
            "version_stage": "AWSCURRENT",
            "version_stages": [
              "AWSCURRENT"
            ]
          },
          "sensitive_attributes": []
        }
      ]
    },
    {
      "mode": "managed",
      "type": "aws_alb",
      "name": "collector",
      "provider": "provider[\"registry.terraform.io/hashicorp/aws\"]",
      "instances": [
        {
          "index_key": 0,
          "schema_version": 0,
          "attributes": {
            "access_logs": [
              {
                "bucket": "",
                "enabled": false,
                "prefix": ""
              }
            ],
            "arn": "arn:aws:elasticloadbalancing:eu-central-1:992382548049:loadbalancer/app/miggo-collector-alb/946891841cf98baa",
            "arn_suffix": "app/miggo-collector-alb/946891841cf98baa",
            "connection_logs": [
              {
                "bucket": "",
                "enabled": false,
                "prefix": ""
              }
            ],
            "customer_owned_ipv4_pool": "",
            "desync_mitigation_mode": "defensive",
            "dns_name": "miggo-collector-alb-562958609.eu-central-1.elb.amazonaws.com",
            "dns_record_client_routing_policy": null,
            "drop_invalid_header_fields": false,
            "enable_cross_zone_load_balancing": true,
            "enable_deletion_protection": false,
            "enable_http2": true,
            "enable_tls_version_and_cipher_suite_headers": false,
            "enable_waf_fail_open": false,
            "enable_xff_client_port": false,
            "enforce_security_group_inbound_rules_on_private_link_traffic": "",
            "id": "arn:aws:elasticloadbalancing:eu-central-1:992382548049:loadbalancer/app/miggo-collector-alb/946891841cf98baa",
            "idle_timeout": 60,
            "internal": false,
            "ip_address_type": "ipv4",
            "load_balancer_type": "application",
            "name": "miggo-collector-alb",
            "name_prefix": "",
            "preserve_host_header": false,
            "security_groups": [
              "sg-02abd960b98366bb4"
            ],
            "subnet_mapping": [
              {
                "allocation_id": "",
                "ipv6_address": "",
                "outpost_id": "",
                "private_ipv4_address": "",
                "subnet_id": "subnet-02b35b465c208b04a"
              },
              {
                "allocation_id": "",
                "ipv6_address": "",
                "outpost_id": "",
                "private_ipv4_address": "",
                "subnet_id": "subnet-0d5fc524682bc67f0"
              }
            ],
            "subnets": [
              "subnet-02b35b465c208b04a",
              "subnet-0d5fc524682bc67f0"
            ],
            "tags": {
              "Environment": "miggo",
              "Service": "Miggo",
              "terraform": "true"
            },
            "tags_all": {
              "Environment": "miggo",
              "Service": "Miggo",
              "terraform": "true"
            },
            "timeouts": null,
            "vpc_id": "vpc-0ce1f8c577b2c2efe",
            "xff_header_processing_mode": "append",
            "zone_id": "Z215JYRZR1TBD5"
          },
          "sensitive_attributes": [],
          "private": "eyJlMmJmYjczMC1lY2FhLTExZTYtOGY4OC0zNDM2M2JjN2M0YzAiOnsiY3JlYXRlIjo2MDAwMDAwMDAwMDAsImRlbGV0ZSI6NjAwMDAwMDAwMDAwLCJ1cGRhdGUiOjYwMDAwMDAwMDAwMH19",
          "dependencies": [
            "aws_security_group.alb_collector",
            "data.aws_region.current",
            "module.vpc.aws_subnet.public",
            "module.vpc.aws_vpc.this",
            "module.vpc.aws_vpc_ipv4_cidr_block_association.this"
          ]
        }
      ]
    },
    {
      "mode": "managed",
      "type": "aws_alb",
      "name": "demo",
      "provider": "provider[\"registry.terraform.io/hashicorp/aws\"]",
      "instances": [
        {
          "index_key": 0,
          "schema_version": 0,
          "attributes": {
            "access_logs": [
              {
                "bucket": "",
                "enabled": false,
                "prefix": ""
              }
            ],
            "arn": "arn:aws:elasticloadbalancing:eu-central-1:992382548049:loadbalancer/app/miggo-demo-alb/6d29006d4f1436be",
            "arn_suffix": "app/miggo-demo-alb/6d29006d4f1436be",
            "connection_logs": [
              {
                "bucket": "",
                "enabled": false,
                "prefix": ""
              }
            ],
            "customer_owned_ipv4_pool": "",
            "desync_mitigation_mode": "defensive",
            "dns_name": "miggo-demo-alb-1551500098.eu-central-1.elb.amazonaws.com",
            "dns_record_client_routing_policy": null,
            "drop_invalid_header_fields": false,
            "enable_cross_zone_load_balancing": true,
            "enable_deletion_protection": false,
            "enable_http2": true,
            "enable_tls_version_and_cipher_suite_headers": false,
            "enable_waf_fail_open": false,
            "enable_xff_client_port": false,
            "enforce_security_group_inbound_rules_on_private_link_traffic": "",
            "id": "arn:aws:elasticloadbalancing:eu-central-1:992382548049:loadbalancer/app/miggo-demo-alb/6d29006d4f1436be",
            "idle_timeout": 60,
            "internal": false,
            "ip_address_type": "ipv4",
            "load_balancer_type": "application",
            "name": "miggo-demo-alb",
            "name_prefix": "",
            "preserve_host_header": false,
            "security_groups": [
              "sg-02d13034b784d0321"
            ],
            "subnet_mapping": [
              {
                "allocation_id": "",
                "ipv6_address": "",
                "outpost_id": "",
                "private_ipv4_address": "",
                "subnet_id": "subnet-02b35b465c208b04a"
              },
              {
                "allocation_id": "",
                "ipv6_address": "",
                "outpost_id": "",
                "private_ipv4_address": "",
                "subnet_id": "subnet-0d5fc524682bc67f0"
              }
            ],
            "subnets": [
              "subnet-02b35b465c208b04a",
              "subnet-0d5fc524682bc67f0"
            ],
            "tags": {
              "Environment": "miggo",
              "Service": "Miggo",
              "terraform": "true"
            },
            "tags_all": {
              "Environment": "miggo",
              "Service": "Miggo",
              "terraform": "true"
            },
            "timeouts": null,
            "vpc_id": "vpc-0ce1f8c577b2c2efe",
            "xff_header_processing_mode": "append",
            "zone_id": "Z215JYRZR1TBD5"
          },
          "sensitive_attributes": [],
          "private": "eyJlMmJmYjczMC1lY2FhLTExZTYtOGY4OC0zNDM2M2JjN2M0YzAiOnsiY3JlYXRlIjo2MDAwMDAwMDAwMDAsImRlbGV0ZSI6NjAwMDAwMDAwMDAwLCJ1cGRhdGUiOjYwMDAwMDAwMDAwMH19",
          "dependencies": [
            "aws_security_group.alb_demo",
            "data.aws_region.current",
            "module.vpc.aws_subnet.public",
            "module.vpc.aws_vpc.this",
            "module.vpc.aws_vpc_ipv4_cidr_block_association.this"
          ]
        }
      ]
    },
    {
      "mode": "managed",
      "type": "aws_autoscaling_group",
      "name": "ecs",
      "provider": "provider[\"registry.terraform.io/hashicorp/aws\"]",
      "instances": [
        {
          "index_key": 0,
          "schema_version": 1,
          "attributes": {
            "arn": "arn:aws:autoscaling:eu-central-1:992382548049:autoScalingGroup:cf9ac789-871b-4480-84ad-0752d90e42ae:autoScalingGroupName/miggo-ecs-asg-2024032113360209090000000a",
            "availability_zones": [
              "eu-central-1a",
              "eu-central-1b"
            ],
            "capacity_rebalance": false,
            "context": "",
            "default_cooldown": 300,
            "default_instance_warmup": 0,
            "desired_capacity": 3,
            "desired_capacity_type": "",
            "enabled_metrics": [],
            "force_delete": false,
            "force_delete_warm_pool": false,
            "health_check_grace_period": 0,
            "health_check_type": "EC2",
            "id": "miggo-ecs-asg-2024032113360209090000000a",
            "ignore_failed_scaling_activities": false,
            "initial_lifecycle_hook": [],
            "instance_maintenance_policy": [],
            "instance_refresh": [],
            "launch_configuration": "",
            "launch_template": [
              {
                "id": "lt-0b8dc7da489015a65",
                "name": "miggo-ecs-ec2-20240321133601531500000008",
                "version": "$Latest"
              }
            ],
            "load_balancers": [],
            "max_instance_lifetime": 0,
            "max_size": 4,
            "metrics_granularity": "1Minute",
            "min_elb_capacity": null,
            "min_size": 1,
            "mixed_instances_policy": [],
            "name": "miggo-ecs-asg-2024032113360209090000000a",
            "name_prefix": "miggo-ecs-asg-",
            "placement_group": "",
            "predicted_capacity": 0,
            "protect_from_scale_in": false,
            "service_linked_role_arn": "arn:aws:iam::992382548049:role/aws-service-role/autoscaling.amazonaws.com/AWSServiceRoleForAutoScaling",
            "suspended_processes": [],
            "tag": [
              {
                "key": "AmazonECSManaged",
                "propagate_at_launch": true,
                "value": ""
              },
              {
                "key": "Name",
                "propagate_at_launch": true,
                "value": "miggo-ecs-cluster"
              }
            ],
            "target_group_arns": [],
            "termination_policies": [],
            "timeouts": null,
            "traffic_source": [],
            "vpc_zone_identifier": [
              "subnet-0115f88c89fb4baa8",
              "subnet-0764c039b8b27fc0b"
            ],
            "wait_for_capacity_timeout": "10m",
            "wait_for_elb_capacity": null,
            "warm_pool": [],
            "warm_pool_size": 0
          },
          "sensitive_attributes": [],
          "private": "eyJlMmJmYjczMC1lY2FhLTExZTYtOGY4OC0zNDM2M2JjN2M0YzAiOnsiZGVsZXRlIjo2MDAwMDAwMDAwMDAsInVwZGF0ZSI6NjAwMDAwMDAwMDAwfSwic2NoZW1hX3ZlcnNpb24iOiIxIn0=",
          "dependencies": [
            "aws_ecs_cluster.miggo",
            "aws_iam_instance_profile.ecs_node",
            "aws_iam_role.ecs_node_role",
            "aws_launch_template.ecs_ec2",
            "aws_security_group.ecs_node_sg",
            "data.aws_ami.amzn",
            "data.aws_iam_policy_document.ecs_node_doc",
            "data.aws_region.current",
            "module.vpc.aws_subnet.private",
            "module.vpc.aws_vpc.this",
            "module.vpc.aws_vpc_ipv4_cidr_block_association.this"
          ]
        }
      ]
    },
    {
      "mode": "managed",
      "type": "aws_cloudwatch_log_group",
      "name": "miggo",
      "provider": "provider[\"registry.terraform.io/hashicorp/aws\"]",
      "instances": [
        {
          "schema_version": 0,
          "attributes": {
            "arn": "arn:aws:logs:eu-central-1:992382548049:log-group:miggo20240321133546326900000002",
            "id": "miggo20240321133546326900000002",
            "kms_key_id": "",
            "log_group_class": "STANDARD",
            "name": "miggo20240321133546326900000002",
            "name_prefix": "miggo",
            "retention_in_days": 0,
            "skip_destroy": false,
            "tags": {},
            "tags_all": {}
          },
          "sensitive_attributes": [],
          "private": "bnVsbA=="
        }
      ]
    },
    {
      "mode": "managed",
      "type": "aws_cloudwatch_log_stream",
      "name": "collector_log_stream",
      "provider": "provider[\"registry.terraform.io/hashicorp/aws\"]",
      "instances": [
        {
          "index_key": 0,
          "schema_version": 0,
          "attributes": {
            "arn": "arn:aws:logs:eu-central-1:992382548049:log-group:miggo20240321133546326900000002:log-stream:miggo-collector",
            "id": "miggo-collector",
            "log_group_name": "miggo20240321133546326900000002",
            "name": "miggo-collector"
          },
          "sensitive_attributes": [],
          "private": "bnVsbA==",
          "dependencies": [
            "aws_cloudwatch_log_group.miggo"
          ]
        }
      ]
    },
    {
      "mode": "managed",
      "type": "aws_cloudwatch_log_stream",
      "name": "demo_log_stream",
      "provider": "provider[\"registry.terraform.io/hashicorp/aws\"]",
      "instances": [
        {
          "index_key": 0,
          "schema_version": 0,
          "attributes": {
            "arn": "arn:aws:logs:eu-central-1:992382548049:log-group:miggo20240321133546326900000002:log-stream:miggo-demo",
            "id": "miggo-demo",
            "log_group_name": "miggo20240321133546326900000002",
            "name": "miggo-demo"
          },
          "sensitive_attributes": [],
          "private": "bnVsbA==",
          "dependencies": [
            "aws_cloudwatch_log_group.miggo"
          ]
        }
      ]
    },
    {
      "mode": "managed",
      "type": "aws_cloudwatch_log_stream",
      "name": "ecs_operator",
      "provider": "provider[\"registry.terraform.io/hashicorp/aws\"]",
      "instances": [
        {
          "index_key": 0,
          "schema_version": 0,
          "attributes": {
            "arn": "arn:aws:logs:eu-central-1:992382548049:log-group:miggo20240321133546326900000002:log-stream:miggo-ecs-operator",
            "id": "miggo-ecs-operator",
            "log_group_name": "miggo20240321133546326900000002",
            "name": "miggo-ecs-operator"
          },
          "sensitive_attributes": [],
          "private": "bnVsbA==",
          "dependencies": [
            "aws_cloudwatch_log_group.miggo"
          ]
        }
      ]
    },
    {
      "mode": "managed",
      "type": "aws_ecs_capacity_provider",
      "name": "main",
      "provider": "provider[\"registry.terraform.io/hashicorp/aws\"]",
      "instances": [
        {
          "index_key": 0,
          "schema_version": 0,
          "attributes": {
            "arn": "arn:aws:ecs:eu-central-1:992382548049:capacity-provider/miggo-ecs-ec2",
            "auto_scaling_group_provider": [
              {
                "auto_scaling_group_arn": "arn:aws:autoscaling:eu-central-1:992382548049:autoScalingGroup:cf9ac789-871b-4480-84ad-0752d90e42ae:autoScalingGroupName/miggo-ecs-asg-2024032113360209090000000a",
                "managed_draining": "ENABLED",
                "managed_scaling": [
                  {
                    "instance_warmup_period": 0,
                    "maximum_scaling_step_size": 2,
                    "minimum_scaling_step_size": 1,
                    "status": "ENABLED",
                    "target_capacity": 100
                  }
                ],
                "managed_termination_protection": "DISABLED"
              }
            ],
            "id": "arn:aws:ecs:eu-central-1:992382548049:capacity-provider/miggo-ecs-ec2",
            "name": "miggo-ecs-ec2",
            "tags": {},
            "tags_all": {}
          },
          "sensitive_attributes": [],
          "private": "bnVsbA==",
          "dependencies": [
            "aws_autoscaling_group.ecs",
            "aws_ecs_cluster.miggo",
            "aws_iam_instance_profile.ecs_node",
            "aws_iam_role.ecs_node_role",
            "aws_launch_template.ecs_ec2",
            "aws_security_group.ecs_node_sg",
            "data.aws_ami.amzn",
            "data.aws_iam_policy_document.ecs_node_doc",
            "data.aws_region.current",
            "module.vpc.aws_subnet.private",
            "module.vpc.aws_vpc.this",
            "module.vpc.aws_vpc_ipv4_cidr_block_association.this"
          ]
        }
      ]
    },
    {
      "mode": "managed",
      "type": "aws_ecs_cluster",
      "name": "miggo",
      "provider": "provider[\"registry.terraform.io/hashicorp/aws\"]",
      "instances": [
        {
          "index_key": 0,
          "schema_version": 0,
          "attributes": {
            "arn": "arn:aws:ecs:eu-central-1:992382548049:cluster/miggo-ecs-cluster",
            "configuration": [],
            "id": "arn:aws:ecs:eu-central-1:992382548049:cluster/miggo-ecs-cluster",
            "name": "miggo-ecs-cluster",
            "service_connect_defaults": [],
            "setting": [
              {
                "name": "containerInsights",
                "value": "disabled"
              }
            ],
            "tags": {
              "Environment": "miggo",
              "Service": "Miggo",
              "terraform": "true"
            },
            "tags_all": {
              "Environment": "miggo",
              "Service": "Miggo",
              "terraform": "true"
            }
          },
          "sensitive_attributes": [],
          "private": "bnVsbA=="
        }
      ]
    },
    {
      "mode": "managed",
      "type": "aws_ecs_cluster_capacity_providers",
      "name": "main",
      "provider": "provider[\"registry.terraform.io/hashicorp/aws\"]",
      "instances": [
        {
          "index_key": 0,
          "schema_version": 0,
          "attributes": {
            "capacity_providers": [
              "miggo-ecs-ec2"
            ],
            "cluster_name": "miggo-ecs-cluster",
            "default_capacity_provider_strategy": [
              {
                "base": 1,
                "capacity_provider": "miggo-ecs-ec2",
                "weight": 100
              }
            ],
            "id": "miggo-ecs-cluster"
          },
          "sensitive_attributes": [],
          "private": "bnVsbA==",
          "dependencies": [
            "aws_autoscaling_group.ecs",
            "aws_ecs_capacity_provider.main",
            "aws_ecs_cluster.miggo",
            "aws_iam_instance_profile.ecs_node",
            "aws_iam_role.ecs_node_role",
            "aws_launch_template.ecs_ec2",
            "aws_security_group.ecs_node_sg",
            "data.aws_ami.amzn",
            "data.aws_iam_policy_document.ecs_node_doc",
            "data.aws_region.current",
            "module.vpc.aws_subnet.private",
            "module.vpc.aws_vpc.this",
            "module.vpc.aws_vpc_ipv4_cidr_block_association.this"
          ]
        }
      ]
    },
    {
      "mode": "managed",
      "type": "aws_ecs_service",
      "name": "collector",
      "provider": "provider[\"registry.terraform.io/hashicorp/aws\"]",
      "instances": [
        {
          "index_key": 0,
          "schema_version": 0,
          "attributes": {
            "alarms": [],
            "capacity_provider_strategy": [],
            "cluster": "arn:aws:ecs:eu-central-1:992382548049:cluster/miggo-ecs-cluster",
            "deployment_circuit_breaker": [
              {
                "enable": false,
                "rollback": false
              }
            ],
            "deployment_controller": [
              {
                "type": "ECS"
              }
            ],
            "deployment_maximum_percent": 200,
            "deployment_minimum_healthy_percent": 100,
            "desired_count": 2,
            "enable_ecs_managed_tags": false,
            "enable_execute_command": false,
            "force_new_deployment": null,
            "health_check_grace_period_seconds": 0,
            "iam_role": "/aws-service-role/ecs.amazonaws.com/AWSServiceRoleForECS",
            "id": "arn:aws:ecs:eu-central-1:992382548049:service/miggo-ecs-cluster/miggo-collector",
            "launch_type": "FARGATE",
            "load_balancer": [
              {
                "container_name": "miggo-collector",
                "container_port": 4318,
                "elb_name": "",
                "target_group_arn": "arn:aws:elasticloadbalancing:eu-central-1:992382548049:targetgroup/miggo-collector-http/0080dee4709a1522"
              }
            ],
            "name": "miggo-collector",
            "network_configuration": [
              {
                "assign_public_ip": false,
                "security_groups": [
                  "sg-011c03625889c15fa"
                ],
                "subnets": [
                  "subnet-0115f88c89fb4baa8",
                  "subnet-0764c039b8b27fc0b"
                ]
              }
            ],
            "ordered_placement_strategy": [],
            "placement_constraints": [],
            "platform_version": "LATEST",
            "propagate_tags": "NONE",
            "scheduling_strategy": "REPLICA",
            "service_connect_configuration": [],
            "service_registries": [],
            "tags": {},
            "tags_all": {},
            "task_definition": "arn:aws:ecs:eu-central-1:992382548049:task-definition/miggo-collector:1",
            "timeouts": null,
            "triggers": {},
            "wait_for_steady_state": false
          },
          "sensitive_attributes": [],
          "private": "eyJlMmJmYjczMC1lY2FhLTExZTYtOGY4OC0zNDM2M2JjN2M0YzAiOnsiY3JlYXRlIjoxMjAwMDAwMDAwMDAwLCJkZWxldGUiOjEyMDAwMDAwMDAwMDAsInVwZGF0ZSI6MTIwMDAwMDAwMDAwMH19",
          "dependencies": [
            "aws_cloudwatch_log_group.miggo",
            "aws_cloudwatch_log_stream.collector_log_stream",
            "aws_ecs_cluster.miggo",
            "aws_ecs_task_definition.collector",
            "aws_iam_policy.dockerhub_secret",
            "aws_iam_policy.task_exec_policy",
            "aws_iam_role.task_exec_role",
            "aws_lb_target_group.collector_http",
            "aws_security_group.collector",
            "data.aws_caller_identity.current",
            "data.aws_ecs_cluster.provided",
            "data.aws_region.current",
            "data.aws_secretsmanager_secret.miggo",
            "data.aws_secretsmanager_secret_version.miggo",
            "module.vpc.aws_subnet.private",
            "module.vpc.aws_vpc.this",
            "module.vpc.aws_vpc_ipv4_cidr_block_association.this"
          ]
        }
      ]
    },
    {
      "mode": "managed",
      "type": "aws_ecs_service",
      "name": "demo",
      "provider": "provider[\"registry.terraform.io/hashicorp/aws\"]",
      "instances": [
        {
          "index_key": 0,
          "schema_version": 0,
          "attributes": {
            "alarms": [],
            "capacity_provider_strategy": [
              {
                "base": 1,
                "capacity_provider": "miggo-ecs-ec2",
                "weight": 100
              }
            ],
            "cluster": "arn:aws:ecs:eu-central-1:992382548049:cluster/miggo-ecs-cluster",
            "deployment_circuit_breaker": [
              {
                "enable": false,
                "rollback": false
              }
            ],
            "deployment_controller": [
              {
                "type": "ECS"
              }
            ],
            "deployment_maximum_percent": 200,
            "deployment_minimum_healthy_percent": 100,
            "desired_count": 1,
            "enable_ecs_managed_tags": false,
            "enable_execute_command": false,
            "force_new_deployment": null,
            "health_check_grace_period_seconds": 0,
            "iam_role": "/aws-service-role/ecs.amazonaws.com/AWSServiceRoleForECS",
            "id": "arn:aws:ecs:eu-central-1:992382548049:service/miggo-ecs-cluster/miggo-demo",
            "launch_type": "",
            "load_balancer": [
              {
                "container_name": "miggo-demo",
                "container_port": 2368,
                "elb_name": "",
                "target_group_arn": "arn:aws:elasticloadbalancing:eu-central-1:992382548049:targetgroup/miggo-demo/18df4eba01fa1972"
              }
            ],
            "name": "miggo-demo",
            "network_configuration": [
              {
                "assign_public_ip": false,
                "security_groups": [
                  "sg-099e5ea543c0ce9b3"
                ],
                "subnets": [
                  "subnet-0115f88c89fb4baa8",
                  "subnet-0764c039b8b27fc0b"
                ]
              }
            ],
            "ordered_placement_strategy": [],
            "placement_constraints": [],
            "platform_version": "",
            "propagate_tags": "NONE",
            "scheduling_strategy": "REPLICA",
            "service_connect_configuration": [],
            "service_registries": [],
            "tags": {},
            "tags_all": {},
            "task_definition": "arn:aws:ecs:eu-central-1:992382548049:task-definition/miggo-demo:5",
            "timeouts": null,
            "triggers": {},
            "wait_for_steady_state": false
          },
          "sensitive_attributes": [],
          "private": "eyJlMmJmYjczMC1lY2FhLTExZTYtOGY4OC0zNDM2M2JjN2M0YzAiOnsiY3JlYXRlIjoxMjAwMDAwMDAwMDAwLCJkZWxldGUiOjEyMDAwMDAwMDAwMDAsInVwZGF0ZSI6MTIwMDAwMDAwMDAwMH19",
          "dependencies": [
            "aws_autoscaling_group.ecs",
            "aws_cloudwatch_log_group.miggo",
            "aws_cloudwatch_log_stream.demo_log_stream",
            "aws_ecs_capacity_provider.main",
            "aws_ecs_cluster.miggo",
            "aws_ecs_task_definition.demo",
            "aws_iam_instance_profile.ecs_node",
            "aws_iam_policy.dockerhub_secret",
            "aws_iam_policy.task_exec_policy",
            "aws_iam_role.ecs_node_role",
            "aws_iam_role.task_exec_role",
            "aws_launch_template.ecs_ec2",
            "aws_lb_target_group.demo",
            "aws_security_group.demo",
            "aws_security_group.ecs_node_sg",
            "data.aws_ami.amzn",
            "data.aws_caller_identity.current",
            "data.aws_ecs_cluster.provided",
            "data.aws_iam_policy_document.ecs_node_doc",
            "data.aws_region.current",
            "module.vpc.aws_subnet.private",
            "module.vpc.aws_vpc.this",
            "module.vpc.aws_vpc_ipv4_cidr_block_association.this"
          ]
        }
      ]
    },
    {
      "mode": "managed",
      "type": "aws_ecs_task_definition",
      "name": "collector",
      "provider": "provider[\"registry.terraform.io/hashicorp/aws\"]",
      "instances": [
        {
          "index_key": 0,
          "schema_version": 1,
          "attributes": {
            "arn": "arn:aws:ecs:eu-central-1:992382548049:task-definition/miggo-collector:1",
            "arn_without_revision": "arn:aws:ecs:eu-central-1:992382548049:task-definition/miggo-collector",
            "container_definitions": "[{\"command\":[\"wget -O /conf/miggo/collector.yaml https://raw.githubusercontent.com/miggo-io/terraform-aws-miggo-deployment/init/configs/collector.yaml \u0026\u0026 cat /conf/miggo/collector.yaml\"],\"cpu\":0,\"entryPoint\":[\"/bin/sh\",\"-c\"],\"environment\":[],\"environmentFiles\":[],\"essential\":false,\"image\":\"alpine:3\",\"logConfiguration\":{\"logDriver\":\"awslogs\",\"options\":{\"awslogs-group\":\"miggo20240321133546326900000002\",\"awslogs-region\":\"eu-central-1\",\"awslogs-stream-prefix\":\"miggo-collector\"}},\"mountPoints\":[{\"containerPath\":\"/conf/miggo\",\"readOnly\":false,\"sourceVolume\":\"otel-config\"}],\"name\":\"install-miggo\",\"portMappings\":[],\"repositoryCredentials\":{\"credentialsParameter\":\"arn:aws:secretsmanager:eu-central-1:992382548049:secret:miggo_dockerhub\"},\"systemControls\":[],\"volumesFrom\":[]},{\"command\":[\"--config=/conf/miggo/collector.yaml\"],\"cpu\":2048,\"dependsOn\":[{\"condition\":\"COMPLETE\",\"containerName\":\"install-miggo\"}],\"environment\":[{\"name\":\"MIGGO_OTEL_AUTH\",\"value\":\"20d2luZGJvdW5kOjVSMzAyWnFrODhHUg==\"},{\"name\":\"MIGGO_TRACES_ENDPOINT\",\"value\":\"https://collector.miggo.io\"}],\"essential\":true,\"healthCheck\":{\"command\":[\"CMD-SHELL\",\"curl -f http://localhost:13133/ || exit 1\"],\"interval\":30,\"retries\":3,\"timeout\":5},\"image\":\"miggoprod/miggo-infra-agent:latest\",\"logConfiguration\":{\"logDriver\":\"awslogs\",\"options\":{\"awslogs-group\":\"miggo20240321133546326900000002\",\"awslogs-region\":\"eu-central-1\",\"awslogs-stream-prefix\":\"miggo-collector\"}},\"memory\":4096,\"memoryReservation\":4096,\"mountPoints\":[{\"containerPath\":\"/conf/miggo\",\"readOnly\":false,\"sourceVolume\":\"otel-config\"}],\"name\":\"miggo-collector\",\"portMappings\":[{\"containerPort\":4318,\"hostPort\":4318,\"protocol\":\"tcp\"},{\"containerPort\":4317,\"hostPort\":4317,\"protocol\":\"tcp\"},{\"containerPort\":13133,\"hostPort\":13133,\"protocol\":\"tcp\"}],\"repositoryCredentials\":{\"credentialsParameter\":\"arn:aws:secretsmanager:eu-central-1:992382548049:secret:miggo_dockerhub\"},\"systemControls\":[],\"volumesFrom\":[]}]",
            "cpu": "2048",
            "ephemeral_storage": [],
            "execution_role_arn": "arn:aws:iam::992382548049:role/miggo-task-exec",
            "family": "miggo-collector",
            "id": "miggo-collector",
            "inference_accelerator": [],
            "ipc_mode": "",
            "memory": "4096",
            "network_mode": "awsvpc",
            "pid_mode": "",
            "placement_constraints": [],
            "proxy_configuration": [],
            "requires_compatibilities": [
              "FARGATE"
            ],
            "revision": 1,
            "runtime_platform": [],
            "skip_destroy": false,
            "tags": {},
            "tags_all": {},
            "task_role_arn": "arn:aws:iam::992382548049:role/miggo-task-exec",
            "track_latest": false,
            "volume": [
              {
                "docker_volume_configuration": [],
                "efs_volume_configuration": [],
                "fsx_windows_file_server_volume_configuration": [],
                "host_path": "",
                "name": "otel-config"
              }
            ]
          },
          "sensitive_attributes": [
            [
              {
                "type": "get_attr",
                "value": "container_definitions"
              }
            ]
          ],
          "private": "eyJzY2hlbWFfdmVyc2lvbiI6IjEifQ==",
          "dependencies": [
            "aws_cloudwatch_log_group.miggo",
            "aws_cloudwatch_log_stream.collector_log_stream",
            "aws_iam_policy.dockerhub_secret",
            "aws_iam_policy.task_exec_policy",
            "aws_iam_role.task_exec_role",
            "data.aws_caller_identity.current",
            "data.aws_region.current",
            "data.aws_secretsmanager_secret.miggo",
            "data.aws_secretsmanager_secret_version.miggo"
          ]
        }
      ]
    },
    {
      "mode": "managed",
      "type": "aws_ecs_task_definition",
      "name": "demo",
      "provider": "provider[\"registry.terraform.io/hashicorp/aws\"]",
      "instances": [
        {
          "index_key": 0,
          "schema_version": 1,
          "attributes": {
            "arn": "arn:aws:ecs:eu-central-1:992382548049:task-definition/miggo-demo:5",
            "arn_without_revision": "arn:aws:ecs:eu-central-1:992382548049:task-definition/miggo-demo",
            "container_definitions": "[{\"cpu\":256,\"environment\":[{\"name\":\"NODE_ENV\",\"value\":\"development\"}],\"essential\":true,\"healthCheck\":{\"command\":[\"CMD-SHELL\",\"echo hello || exit 1\"],\"interval\":30,\"retries\":3,\"timeout\":5},\"image\":\"ghost:latest\",\"logConfiguration\":{\"logDriver\":\"awslogs\",\"options\":{\"awslogs-group\":\"miggo20240321133546326900000002\",\"awslogs-region\":\"eu-central-1\",\"awslogs-stream-prefix\":\"miggo-demo\"}},\"memory\":512,\"memoryReservation\":512,\"mountPoints\":[],\"name\":\"miggo-demo\",\"portMappings\":[{\"containerPort\":2368,\"hostPort\":2368,\"protocol\":\"tcp\"}],\"repositoryCredentials\":{\"credentialsParameter\":\"arn:aws:secretsmanager:eu-central-1:992382548049:secret:miggo_dockerhub\"},\"systemControls\":[],\"volumesFrom\":[]}]",
            "cpu": "256",
            "ephemeral_storage": [],
            "execution_role_arn": "arn:aws:iam::992382548049:role/miggo-task-exec",
            "family": "miggo-demo",
            "id": "miggo-demo",
            "inference_accelerator": [],
            "ipc_mode": "",
            "memory": "512",
            "network_mode": "awsvpc",
            "pid_mode": "",
            "placement_constraints": [],
            "proxy_configuration": [],
            "requires_compatibilities": null,
            "revision": 5,
            "runtime_platform": [],
            "skip_destroy": false,
            "tags": null,
            "tags_all": {},
            "task_role_arn": "arn:aws:iam::992382548049:role/miggo-task-exec",
            "track_latest": false,
            "volume": []
          },
          "sensitive_attributes": [],
          "private": "eyJzY2hlbWFfdmVyc2lvbiI6IjEifQ==",
          "dependencies": [
            "aws_cloudwatch_log_group.miggo",
            "aws_cloudwatch_log_stream.demo_log_stream",
            "aws_iam_policy.dockerhub_secret",
            "aws_iam_policy.task_exec_policy",
            "aws_iam_role.task_exec_role",
            "data.aws_caller_identity.current",
            "data.aws_region.current"
          ]
        }
      ]
    },
    {
      "mode": "managed",
      "type": "aws_iam_instance_profile",
      "name": "ecs_node",
      "provider": "provider[\"registry.terraform.io/hashicorp/aws\"]",
      "instances": [
        {
          "index_key": 0,
          "schema_version": 0,
          "attributes": {
            "arn": "arn:aws:iam::992382548049:instance-profile/ecs/instance/miggo-ecs-node-profile20240321133555005100000005",
            "create_date": "2024-03-21T13:35:55Z",
            "id": "miggo-ecs-node-profile20240321133555005100000005",
            "name": "miggo-ecs-node-profile20240321133555005100000005",
            "name_prefix": "miggo-ecs-node-profile",
            "path": "/ecs/instance/",
            "role": "miggo-ecs-node-role20240321133552092300000003",
            "tags": {},
            "tags_all": {},
            "unique_id": "AIPA6ODU37BIQLDRJKS74"
          },
          "sensitive_attributes": [],
          "private": "bnVsbA==",
          "dependencies": [
            "aws_iam_role.ecs_node_role",
            "data.aws_iam_policy_document.ecs_node_doc"
          ]
        }
      ]
    },
    {
      "mode": "managed",
      "type": "aws_iam_policy",
      "name": "dockerhub_secret",
      "provider": "provider[\"registry.terraform.io/hashicorp/aws\"]",
      "instances": [
        {
          "index_key": 0,
          "schema_version": 0,
          "attributes": {
            "arn": "arn:aws:iam::992382548049:policy/miggo-task-get-dockerhub-secret",
            "description": "",
            "id": "arn:aws:iam::992382548049:policy/miggo-task-get-dockerhub-secret",
            "name": "miggo-task-get-dockerhub-secret",
            "name_prefix": "",
            "path": "/",
            "policy": "{\"Statement\":[{\"Action\":[\"secretsmanager:GetResourcePolicy\",\"secretsmanager:GetSecretValue\",\"secretsmanager:DescribeSecret\",\"secretsmanager:ListSecretVersionIds\"],\"Effect\":\"Allow\",\"Resource\":[\"arn:aws:secretsmanager:*:*:secret:*\"]}],\"Version\":\"2012-10-17\"}",
            "policy_id": "ANPA6ODU37BIVZ2KV2V2V",
            "tags": {},
            "tags_all": {}
          },
          "sensitive_attributes": [],
          "private": "bnVsbA=="
        }
      ]
    },
    {
      "mode": "managed",
      "type": "aws_iam_policy",
      "name": "lambda_extra_policy",
      "provider": "provider[\"registry.terraform.io/hashicorp/aws\"]",
      "instances": [
        {
          "index_key": 0,
          "schema_version": 0,
          "attributes": {
            "arn": "arn:aws:iam::992382548049:policy/miggo-ecs-operator-extra",
            "description": "",
            "id": "arn:aws:iam::992382548049:policy/miggo-ecs-operator-extra",
            "name": "miggo-ecs-operator-extra",
            "name_prefix": "",
            "path": "/",
            "policy": "{\"Statement\":[{\"Action\":[\"s3:GetObject\"],\"Effect\":\"Allow\",\"Resource\":[\"arn:aws:s3:::miggo-integrations-eu-central-1-dev/hippo/lambda/config.json\"]},{\"Action\":[\"iam:PassRole\"],\"Effect\":\"Allow\",\"Resource\":[\"arn:aws:iam::992382548049:role/miggo-task-exec\"]},{\"Action\":[\"ecs:DescribeServices\",\"ecs:UpdateService\"],\"Effect\":\"Allow\",\"Resource\":[\"arn:aws:ecs:eu-central-1:992382548049:service/miggo-ecs-cluster/*\"]},{\"Action\":[\"ecs:ListServices\",\"ecs:DescribeTaskDefinition\",\"ecs:RegisterTaskDefinition\"],\"Effect\":\"Allow\",\"Resource\":[\"*\"]}],\"Version\":\"2012-10-17\"}",
            "policy_id": "ANPA6ODU37BIXZDIL5HNV",
            "tags": {},
            "tags_all": {}
          },
          "sensitive_attributes": [],
          "private": "bnVsbA==",
          "dependencies": [
            "data.aws_caller_identity.current",
            "data.aws_region.current"
          ]
        }
      ]
    },
    {
      "mode": "managed",
      "type": "aws_iam_policy",
      "name": "lambda_logs_policy",
      "provider": "provider[\"registry.terraform.io/hashicorp/aws\"]",
      "instances": [
        {
          "index_key": 0,
          "schema_version": 0,
          "attributes": {
            "arn": "arn:aws:iam::992382548049:policy/miggo-ecs-operator-logs",
            "description": "",
            "id": "arn:aws:iam::992382548049:policy/miggo-ecs-operator-logs",
            "name": "miggo-ecs-operator-logs",
            "name_prefix": "",
            "path": "/",
            "policy": "{\"Statement\":[{\"Action\":[\"logs:CreateLogGroup\",\"logs:CreateLogStream\",\"logs:DescribeLogStreams\",\"logs:PutLogEvents\"],\"Effect\":\"Allow\",\"Resource\":[\"arn:aws:logs:*\"]}],\"Version\":\"2012-10-17\"}",
            "policy_id": "ANPA6ODU37BIRM5VSHWKP",
            "tags": {},
            "tags_all": {}
          },
          "sensitive_attributes": [],
          "private": "bnVsbA=="
        }
      ]
    },
    {
      "mode": "managed",
      "type": "aws_iam_policy",
      "name": "task_exec_policy",
      "provider": "provider[\"registry.terraform.io/hashicorp/aws\"]",
      "instances": [
        {
          "index_key": 0,
          "schema_version": 0,
          "attributes": {
            "arn": "arn:aws:iam::992382548049:policy/miggo-task-logs",
            "description": "",
            "id": "arn:aws:iam::992382548049:policy/miggo-task-logs",
            "name": "miggo-task-logs",
            "name_prefix": "",
            "path": "/",
            "policy": "{\"Statement\":[{\"Action\":[\"logs:CreateLogGroup\",\"logs:CreateLogStream\",\"logs:DescribeLogStreams\",\"logs:PutLogEvents\"],\"Effect\":\"Allow\",\"Resource\":[\"arn:aws:logs:*\"]}],\"Version\":\"2012-10-17\"}",
            "policy_id": "ANPA6ODU37BI3JQ5HCINM",
            "tags": {},
            "tags_all": {}
          },
          "sensitive_attributes": [],
          "private": "bnVsbA=="
        }
      ]
    },
    {
      "mode": "managed",
      "type": "aws_iam_role",
      "name": "ecs_node_role",
      "provider": "provider[\"registry.terraform.io/hashicorp/aws\"]",
      "instances": [
        {
          "index_key": 0,
          "schema_version": 0,
          "attributes": {
            "arn": "arn:aws:iam::992382548049:role/miggo-ecs-node-role20240321133552092300000003",
            "assume_role_policy": "{\"Statement\":[{\"Action\":\"sts:AssumeRole\",\"Effect\":\"Allow\",\"Principal\":{\"Service\":\"ec2.amazonaws.com\"}}],\"Version\":\"2012-10-17\"}",
            "create_date": "2024-03-21T13:35:52Z",
            "description": "",
            "force_detach_policies": false,
            "id": "miggo-ecs-node-role20240321133552092300000003",
            "inline_policy": [],
            "managed_policy_arns": [
              "arn:aws:iam::aws:policy/service-role/AmazonEC2ContainerServiceforEC2Role"
            ],
            "max_session_duration": 3600,
            "name": "miggo-ecs-node-role20240321133552092300000003",
            "name_prefix": "miggo-ecs-node-role",
            "path": "/",
            "permissions_boundary": "",
            "tags": {},
            "tags_all": {},
            "unique_id": "AROA6ODU37BITSUF3VVB4"
          },
          "sensitive_attributes": [],
          "private": "bnVsbA==",
          "dependencies": [
            "data.aws_iam_policy_document.ecs_node_doc"
          ]
        }
      ]
    },
    {
      "mode": "managed",
      "type": "aws_iam_role",
      "name": "lambda_exec_role",
      "provider": "provider[\"registry.terraform.io/hashicorp/aws\"]",
      "instances": [
        {
          "index_key": 0,
          "schema_version": 0,
          "attributes": {
            "arn": "arn:aws:iam::992382548049:role/miggo-ecs-operator-exec-role",
            "assume_role_policy": "{\"Statement\":[{\"Action\":\"sts:AssumeRole\",\"Effect\":\"Allow\",\"Principal\":{\"Service\":\"lambda.amazonaws.com\"}}],\"Version\":\"2012-10-17\"}",
            "create_date": "2024-03-21T13:33:06Z",
            "description": "",
            "force_detach_policies": false,
            "id": "miggo-ecs-operator-exec-role",
            "inline_policy": [],
            "managed_policy_arns": [
              "arn:aws:iam::992382548049:policy/miggo-ecs-operator-extra",
              "arn:aws:iam::992382548049:policy/miggo-ecs-operator-logs",
              "arn:aws:iam::aws:policy/service-role/AWSLambdaBasicExecutionRole"
            ],
            "max_session_duration": 3600,
            "name": "miggo-ecs-operator-exec-role",
            "name_prefix": "",
            "path": "/",
            "permissions_boundary": "",
            "tags": {},
            "tags_all": {},
            "unique_id": "AROA6ODU37BIYERY2FLAY"
          },
          "sensitive_attributes": [],
          "private": "bnVsbA==",
          "dependencies": [
            "aws_iam_policy.lambda_extra_policy",
            "aws_iam_policy.lambda_logs_policy",
            "data.aws_caller_identity.current",
            "data.aws_region.current"
          ]
        }
      ]
    },
    {
      "mode": "managed",
      "type": "aws_iam_role",
      "name": "task_exec_role",
      "provider": "provider[\"registry.terraform.io/hashicorp/aws\"]",
      "instances": [
        {
          "index_key": 0,
          "schema_version": 0,
          "attributes": {
            "arn": "arn:aws:iam::992382548049:role/miggo-task-exec",
            "assume_role_policy": "{\"Statement\":[{\"Action\":[\"sts:AssumeRole\"],\"Effect\":\"Allow\",\"Principal\":{\"Service\":\"ecs-tasks.amazonaws.com\"},\"Sid\":\"1\"}],\"Version\":\"2012-10-17\"}",
            "create_date": "2024-03-21T13:35:50Z",
            "description": "",
            "force_detach_policies": false,
            "id": "miggo-task-exec",
            "inline_policy": [],
            "managed_policy_arns": [
              "arn:aws:iam::992382548049:policy/miggo-task-get-dockerhub-secret",
              "arn:aws:iam::992382548049:policy/miggo-task-logs",
              "arn:aws:iam::aws:policy/service-role/AmazonECSTaskExecutionRolePolicy"
            ],
            "max_session_duration": 3600,
            "name": "miggo-task-exec",
            "name_prefix": "",
            "path": "/",
            "permissions_boundary": "",
            "tags": {},
            "tags_all": {},
            "unique_id": "AROA6ODU37BI56A6PD6JZ"
          },
          "sensitive_attributes": [],
          "private": "bnVsbA==",
          "dependencies": [
            "aws_iam_policy.dockerhub_secret",
            "aws_iam_policy.task_exec_policy"
          ]
        }
      ]
    },
    {
      "mode": "managed",
      "type": "aws_iam_role_policy_attachment",
      "name": "ecs_node_role_policy",
      "provider": "provider[\"registry.terraform.io/hashicorp/aws\"]",
      "instances": [
        {
          "index_key": 0,
          "schema_version": 0,
          "attributes": {
            "id": "miggo-ecs-node-role20240321133552092300000003-20240321133555373300000006",
            "policy_arn": "arn:aws:iam::aws:policy/service-role/AmazonEC2ContainerServiceforEC2Role",
            "role": "miggo-ecs-node-role20240321133552092300000003"
          },
          "sensitive_attributes": [],
          "private": "bnVsbA==",
          "dependencies": [
            "aws_iam_role.ecs_node_role",
            "data.aws_iam_policy_document.ecs_node_doc"
          ]
        }
      ]
    },
    {
      "mode": "managed",
      "type": "aws_lambda_function",
      "name": "LambdaFunction",
      "provider": "provider[\"registry.terraform.io/hashicorp/aws\"]",
      "instances": [
        {
          "index_key": 0,
          "schema_version": 0,
          "attributes": {
            "architectures": [
              "x86_64"
            ],
            "arn": "arn:aws:lambda:eu-central-1:992382548049:function:miggo-ecs-operator",
            "code_signing_config_arn": "",
            "dead_letter_config": [],
            "description": "",
            "environment": [
              {
                "variables": {
                  "ECS_CLUSTER_NAME": "miggo-ecs-cluster",
                  "MIGGO_CONFIG_ARN": "s3://miggo-integrations-eu-central-1-dev/hippo/lambda/config.json",
                  "TENANT_ID": "hippo"
                }
              }
            ],
            "ephemeral_storage": [
              {
                "size": 512
              }
            ],
            "file_system_config": [],
            "filename": null,
            "function_name": "miggo-ecs-operator",
            "handler": "main.handler",
            "id": "miggo-ecs-operator",
            "image_config": [],
            "image_uri": "",
            "invoke_arn": "arn:aws:apigateway:eu-central-1:lambda:path/2015-03-31/functions/arn:aws:lambda:eu-central-1:992382548049:function:miggo-ecs-operator/invocations",
            "kms_key_arn": "",
            "last_modified": "2024-03-21T13:33:16.899+0000",
            "layers": [],
            "logging_config": [
              {
                "application_log_level": "",
                "log_format": "Text",
                "log_group": "/aws/lambda/miggo-ecs-operator",
                "system_log_level": ""
              }
            ],
            "memory_size": 256,
            "package_type": "Zip",
            "publish": false,
            "qualified_arn": "arn:aws:lambda:eu-central-1:992382548049:function:miggo-ecs-operator:$LATEST",
            "qualified_invoke_arn": "arn:aws:apigateway:eu-central-1:lambda:path/2015-03-31/functions/arn:aws:lambda:eu-central-1:992382548049:function:miggo-ecs-operator:$LATEST/invocations",
            "replace_security_groups_on_destroy": null,
            "replacement_security_group_ids": null,
            "reserved_concurrent_executions": -1,
            "role": "arn:aws:iam::992382548049:role/miggo-ecs-operator-exec-role",
            "runtime": "nodejs18.x",
            "s3_bucket": "miggo-integrations-eu-central-1-dev",
            "s3_key": "hippo/lambda/main.zip",
            "s3_object_version": "GET7BFI37sKMkV6hYG6uRZJsNK_ACoHc",
            "signing_job_arn": "",
            "signing_profile_version_arn": "",
            "skip_destroy": false,
            "snap_start": [],
            "source_code_hash": "/jMV4vCih37AQU9xmIwEN8j/btPijAghW2lCJNnMgkA=",
            "source_code_size": 5176082,
            "tags": {},
            "tags_all": {},
            "timeout": 3,
            "timeouts": null,
            "tracing_config": [
              {
                "mode": "PassThrough"
              }
            ],
            "version": "$LATEST",
            "vpc_config": []
          },
          "sensitive_attributes": [],
          "private": "eyJlMmJmYjczMC1lY2FhLTExZTYtOGY4OC0zNDM2M2JjN2M0YzAiOnsiY3JlYXRlIjo2MDAwMDAwMDAwMDAsImRlbGV0ZSI6NjAwMDAwMDAwMDAwLCJ1cGRhdGUiOjYwMDAwMDAwMDAwMH19",
          "dependencies": [
            "aws_iam_policy.lambda_extra_policy",
            "aws_iam_policy.lambda_logs_policy",
            "aws_iam_role.lambda_exec_role",
            "data.aws_caller_identity.current",
            "data.aws_region.current"
          ]
        }
      ]
    },
    {
      "mode": "managed",
      "type": "aws_launch_template",
      "name": "ecs_ec2",
      "provider": "provider[\"registry.terraform.io/hashicorp/aws\"]",
      "instances": [
        {
          "index_key": 0,
          "schema_version": 0,
          "attributes": {
            "arn": "arn:aws:ec2:eu-central-1:992382548049:launch-template/lt-0b8dc7da489015a65",
            "block_device_mappings": [],
            "capacity_reservation_specification": [],
            "cpu_options": [],
            "credit_specification": [],
            "default_version": 1,
            "description": "",
            "disable_api_stop": false,
            "disable_api_termination": false,
            "ebs_optimized": "",
            "elastic_gpu_specifications": [],
            "elastic_inference_accelerator": [],
            "enclave_options": [],
            "hibernation_options": [],
            "iam_instance_profile": [
              {
                "arn": "arn:aws:iam::992382548049:instance-profile/ecs/instance/miggo-ecs-node-profile20240321133555005100000005",
                "name": ""
              }
            ],
            "id": "lt-0b8dc7da489015a65",
            "image_id": "ami-0220d416086cb9f2f",
            "instance_initiated_shutdown_behavior": "",
            "instance_market_options": [],
            "instance_requirements": [],
            "instance_type": "t2.micro",
            "kernel_id": "",
            "key_name": "",
            "latest_version": 1,
            "license_specification": [],
            "maintenance_options": [],
            "metadata_options": [],
            "monitoring": [
              {
                "enabled": true
              }
            ],
            "name": "miggo-ecs-ec2-20240321133601531500000008",
            "name_prefix": "miggo-ecs-ec2-",
            "network_interfaces": [],
            "placement": [],
            "private_dns_name_options": [],
            "ram_disk_id": "",
            "security_group_names": [],
            "tag_specifications": [],
            "tags": {},
            "tags_all": {},
            "update_default_version": null,
            "user_data": "IyEvYmluL2Jhc2gKc2V0IC1ldXgKZWNobyAiRUNTX0NMVVNURVI9bWlnZ28tZWNzLWNsdXN0ZXIiID4+IC9ldGMvZWNzL2Vjcy5jb25maWcK",
            "vpc_security_group_ids": [
              "sg-0ae01aed3af3ad5bd"
            ]
          },
          "sensitive_attributes": [],
          "private": "bnVsbA==",
          "dependencies": [
            "aws_ecs_cluster.miggo",
            "aws_iam_instance_profile.ecs_node",
            "aws_iam_role.ecs_node_role",
            "aws_security_group.ecs_node_sg",
            "data.aws_ami.amzn",
            "data.aws_iam_policy_document.ecs_node_doc",
            "module.vpc.aws_vpc.this"
          ]
        }
      ]
    },
    {
      "mode": "managed",
      "type": "aws_lb_listener",
      "name": "collector_http",
      "provider": "provider[\"registry.terraform.io/hashicorp/aws\"]",
      "instances": [
        {
          "index_key": 0,
          "schema_version": 0,
          "attributes": {
            "alpn_policy": null,
            "arn": "arn:aws:elasticloadbalancing:eu-central-1:992382548049:listener/app/miggo-collector-alb/946891841cf98baa/f79d7747f87d792d",
            "certificate_arn": "arn:aws:acm:eu-central-1:992382548049:certificate/72aa4210-2a84-49e9-b0fc-fe797394b1d0",
            "default_action": [
              {
                "authenticate_cognito": [],
                "authenticate_oidc": [],
                "fixed_response": [],
                "forward": [],
                "order": 1,
                "redirect": [],
                "target_group_arn": "arn:aws:elasticloadbalancing:eu-central-1:992382548049:targetgroup/miggo-collector-http/0080dee4709a1522",
                "type": "forward"
              }
            ],
            "id": "arn:aws:elasticloadbalancing:eu-central-1:992382548049:listener/app/miggo-collector-alb/946891841cf98baa/f79d7747f87d792d",
            "load_balancer_arn": "arn:aws:elasticloadbalancing:eu-central-1:992382548049:loadbalancer/app/miggo-collector-alb/946891841cf98baa",
            "mutual_authentication": [
              {
                "ignore_client_certificate_expiry": false,
                "mode": "off",
                "trust_store_arn": ""
              }
            ],
            "port": 443,
            "protocol": "HTTPS",
            "ssl_policy": "ELBSecurityPolicy-2016-08",
            "tags": {},
            "tags_all": {},
            "timeouts": null
          },
          "sensitive_attributes": [],
          "private": "eyJlMmJmYjczMC1lY2FhLTExZTYtOGY4OC0zNDM2M2JjN2M0YzAiOnsiY3JlYXRlIjozMDAwMDAwMDAwMDAsInVwZGF0ZSI6MzAwMDAwMDAwMDAwfX0=",
          "dependencies": [
            "aws_alb.collector",
            "aws_lb_target_group.collector_http",
            "aws_route53_zone.sub_domain",
            "aws_security_group.alb_collector",
            "data.aws_region.current",
            "data.aws_route53_zone.selected",
            "module.acm.aws_acm_certificate.this",
            "module.acm.aws_acm_certificate_validation.this",
            "module.acm.aws_route53_record.validation",
            "module.vpc.aws_subnet.public",
            "module.vpc.aws_vpc.this",
            "module.vpc.aws_vpc_ipv4_cidr_block_association.this"
          ]
        }
      ]
    },
    {
      "mode": "managed",
      "type": "aws_lb_listener",
      "name": "demo",
      "provider": "provider[\"registry.terraform.io/hashicorp/aws\"]",
      "instances": [
        {
          "index_key": 0,
          "schema_version": 0,
          "attributes": {
            "alpn_policy": null,
            "arn": "arn:aws:elasticloadbalancing:eu-central-1:992382548049:listener/app/miggo-demo-alb/6d29006d4f1436be/4c6e0703ff0146d2",
            "certificate_arn": "arn:aws:acm:eu-central-1:992382548049:certificate/72aa4210-2a84-49e9-b0fc-fe797394b1d0",
            "default_action": [
              {
                "authenticate_cognito": [],
                "authenticate_oidc": [],
                "fixed_response": [],
                "forward": [],
                "order": 1,
                "redirect": [],
                "target_group_arn": "arn:aws:elasticloadbalancing:eu-central-1:992382548049:targetgroup/miggo-demo/18df4eba01fa1972",
                "type": "forward"
              }
            ],
            "id": "arn:aws:elasticloadbalancing:eu-central-1:992382548049:listener/app/miggo-demo-alb/6d29006d4f1436be/4c6e0703ff0146d2",
            "load_balancer_arn": "arn:aws:elasticloadbalancing:eu-central-1:992382548049:loadbalancer/app/miggo-demo-alb/6d29006d4f1436be",
            "mutual_authentication": [
              {
                "ignore_client_certificate_expiry": false,
                "mode": "off",
                "trust_store_arn": ""
              }
            ],
            "port": 443,
            "protocol": "HTTPS",
            "ssl_policy": "ELBSecurityPolicy-2016-08",
            "tags": {},
            "tags_all": {},
            "timeouts": null
          },
          "sensitive_attributes": [],
          "private": "eyJlMmJmYjczMC1lY2FhLTExZTYtOGY4OC0zNDM2M2JjN2M0YzAiOnsiY3JlYXRlIjozMDAwMDAwMDAwMDAsInVwZGF0ZSI6MzAwMDAwMDAwMDAwfX0=",
          "dependencies": [
            "aws_alb.demo",
            "aws_lb_target_group.demo",
            "aws_route53_zone.sub_domain",
            "aws_security_group.alb_demo",
            "data.aws_region.current",
            "data.aws_route53_zone.selected",
            "module.acm.aws_acm_certificate.this",
            "module.acm.aws_acm_certificate_validation.this",
            "module.acm.aws_route53_record.validation",
            "module.vpc.aws_subnet.public",
            "module.vpc.aws_vpc.this",
            "module.vpc.aws_vpc_ipv4_cidr_block_association.this"
          ]
        }
      ]
    },
    {
      "mode": "managed",
      "type": "aws_lb_target_group",
      "name": "collector_http",
      "provider": "provider[\"registry.terraform.io/hashicorp/aws\"]",
      "instances": [
        {
          "index_key": 0,
          "schema_version": 0,
          "attributes": {
            "arn": "arn:aws:elasticloadbalancing:eu-central-1:992382548049:targetgroup/miggo-collector-http/0080dee4709a1522",
            "arn_suffix": "targetgroup/miggo-collector-http/0080dee4709a1522",
            "connection_termination": null,
            "deregistration_delay": "300",
            "health_check": [
              {
                "enabled": true,
                "healthy_threshold": 3,
                "interval": 30,
                "matcher": "200",
                "path": "/",
                "port": "13133",
                "protocol": "HTTP",
                "timeout": 5,
                "unhealthy_threshold": 3
              }
            ],
            "id": "arn:aws:elasticloadbalancing:eu-central-1:992382548049:targetgroup/miggo-collector-http/0080dee4709a1522",
            "ip_address_type": "ipv4",
            "lambda_multi_value_headers_enabled": false,
            "load_balancer_arns": [
              "arn:aws:elasticloadbalancing:eu-central-1:992382548049:loadbalancer/app/miggo-collector-alb/946891841cf98baa"
            ],
            "load_balancing_algorithm_type": "round_robin",
            "load_balancing_anomaly_mitigation": "off",
            "load_balancing_cross_zone_enabled": "use_load_balancer_configuration",
            "name": "miggo-collector-http",
            "name_prefix": "",
            "port": 4318,
            "preserve_client_ip": null,
            "protocol": "HTTP",
            "protocol_version": "HTTP1",
            "proxy_protocol_v2": false,
            "slow_start": 0,
            "stickiness": [
              {
                "cookie_duration": 86400,
                "cookie_name": "",
                "enabled": false,
                "type": "lb_cookie"
              }
            ],
            "tags": {},
            "tags_all": {},
            "target_failover": [
              {
                "on_deregistration": null,
                "on_unhealthy": null
              }
            ],
            "target_health_state": [
              {
                "enable_unhealthy_connection_termination": null
              }
            ],
            "target_type": "ip",
            "vpc_id": "vpc-0ce1f8c577b2c2efe"
          },
          "sensitive_attributes": [],
          "private": "bnVsbA==",
          "dependencies": [
            "module.vpc.aws_vpc.this"
          ]
        }
      ]
    },
    {
      "mode": "managed",
      "type": "aws_lb_target_group",
      "name": "demo",
      "provider": "provider[\"registry.terraform.io/hashicorp/aws\"]",
      "instances": [
        {
          "index_key": 0,
          "schema_version": 0,
          "attributes": {
            "arn": "arn:aws:elasticloadbalancing:eu-central-1:992382548049:targetgroup/miggo-demo/18df4eba01fa1972",
            "arn_suffix": "targetgroup/miggo-demo/18df4eba01fa1972",
            "connection_termination": null,
            "deregistration_delay": "300",
            "health_check": [
              {
                "enabled": true,
                "healthy_threshold": 3,
                "interval": 30,
                "matcher": "200",
                "path": "/",
                "port": "traffic-port",
                "protocol": "HTTP",
                "timeout": 5,
                "unhealthy_threshold": 3
              }
            ],
            "id": "arn:aws:elasticloadbalancing:eu-central-1:992382548049:targetgroup/miggo-demo/18df4eba01fa1972",
            "ip_address_type": "ipv4",
            "lambda_multi_value_headers_enabled": false,
            "load_balancer_arns": [
              "arn:aws:elasticloadbalancing:eu-central-1:992382548049:loadbalancer/app/miggo-demo-alb/6d29006d4f1436be"
            ],
            "load_balancing_algorithm_type": "round_robin",
            "load_balancing_anomaly_mitigation": "off",
            "load_balancing_cross_zone_enabled": "use_load_balancer_configuration",
            "name": "miggo-demo",
            "name_prefix": "",
            "port": 2368,
            "preserve_client_ip": null,
            "protocol": "HTTP",
            "protocol_version": "HTTP1",
            "proxy_protocol_v2": false,
            "slow_start": 0,
            "stickiness": [
              {
                "cookie_duration": 86400,
                "cookie_name": "",
                "enabled": false,
                "type": "lb_cookie"
              }
            ],
            "tags": {},
            "tags_all": {},
            "target_failover": [
              {
                "on_deregistration": null,
                "on_unhealthy": null
              }
            ],
            "target_health_state": [
              {
                "enable_unhealthy_connection_termination": null
              }
            ],
            "target_type": "ip",
            "vpc_id": "vpc-0ce1f8c577b2c2efe"
          },
          "sensitive_attributes": [],
          "private": "bnVsbA==",
          "dependencies": [
            "module.vpc.aws_vpc.this"
          ]
        }
      ]
    },
    {
      "mode": "managed",
      "type": "aws_route53_record",
      "name": "collector",
      "provider": "provider[\"registry.terraform.io/hashicorp/aws\"]",
      "instances": [
        {
          "index_key": 0,
          "schema_version": 2,
          "attributes": {
            "alias": [
              {
                "evaluate_target_health": true,
                "name": "miggo-collector-alb-562958609.eu-central-1.elb.amazonaws.com",
                "zone_id": "Z215JYRZR1TBD5"
              }
            ],
            "allow_overwrite": null,
            "cidr_routing_policy": [],
            "failover_routing_policy": [],
            "fqdn": "collector.miggo.playground.miggo.io",
            "geolocation_routing_policy": [],
            "geoproximity_routing_policy": [],
            "health_check_id": "",
            "id": "Z081898219OHKZ8YHVX9J_collector.miggo.playground.miggo.io_A",
            "latency_routing_policy": [],
            "multivalue_answer_routing_policy": false,
            "name": "collector.miggo.playground.miggo.io",
            "records": [],
            "set_identifier": "",
            "ttl": 0,
            "type": "A",
            "weighted_routing_policy": [],
            "zone_id": "Z081898219OHKZ8YHVX9J"
          },
          "sensitive_attributes": [],
          "private": "eyJzY2hlbWFfdmVyc2lvbiI6IjIifQ==",
          "dependencies": [
            "aws_alb.collector",
            "aws_route53_zone.sub_domain",
            "aws_security_group.alb_collector",
            "data.aws_region.current",
            "data.aws_route53_zone.selected",
            "module.acm.aws_acm_certificate.this",
            "module.acm.aws_acm_certificate_validation.this",
            "module.acm.aws_route53_record.validation",
            "module.vpc.aws_subnet.public",
            "module.vpc.aws_vpc.this",
            "module.vpc.aws_vpc_ipv4_cidr_block_association.this"
          ]
        }
      ]
    },
    {
      "mode": "managed",
      "type": "aws_route53_record",
      "name": "demo",
      "provider": "provider[\"registry.terraform.io/hashicorp/aws\"]",
      "instances": [
        {
          "index_key": 0,
          "schema_version": 2,
          "attributes": {
            "alias": [
              {
                "evaluate_target_health": true,
                "name": "miggo-demo-alb-1551500098.eu-central-1.elb.amazonaws.com",
                "zone_id": "Z215JYRZR1TBD5"
              }
            ],
            "allow_overwrite": null,
            "cidr_routing_policy": [],
            "failover_routing_policy": [],
            "fqdn": "demo.miggo.playground.miggo.io",
            "geolocation_routing_policy": [],
            "geoproximity_routing_policy": [],
            "health_check_id": "",
            "id": "Z081898219OHKZ8YHVX9J_demo.miggo.playground.miggo.io_A",
            "latency_routing_policy": [],
            "multivalue_answer_routing_policy": false,
            "name": "demo.miggo.playground.miggo.io",
            "records": [],
            "set_identifier": "",
            "ttl": 0,
            "type": "A",
            "weighted_routing_policy": [],
            "zone_id": "Z081898219OHKZ8YHVX9J"
          },
          "sensitive_attributes": [],
          "private": "eyJzY2hlbWFfdmVyc2lvbiI6IjIifQ==",
          "dependencies": [
            "aws_alb.demo",
            "aws_route53_zone.sub_domain",
            "aws_security_group.alb_demo",
            "data.aws_region.current",
            "data.aws_route53_zone.selected",
            "module.acm.aws_acm_certificate.this",
            "module.acm.aws_acm_certificate_validation.this",
            "module.acm.aws_route53_record.validation",
            "module.vpc.aws_subnet.public",
            "module.vpc.aws_vpc.this",
            "module.vpc.aws_vpc_ipv4_cidr_block_association.this"
          ]
        }
      ]
    },
    {
      "mode": "managed",
      "type": "aws_route53_record",
      "name": "sub_domain",
      "provider": "provider[\"registry.terraform.io/hashicorp/aws\"]",
      "instances": [
        {
          "index_key": 0,
          "schema_version": 2,
          "attributes": {
            "alias": [],
            "allow_overwrite": true,
            "cidr_routing_policy": [],
            "failover_routing_policy": [],
            "fqdn": "miggo.playground.miggo.io",
            "geolocation_routing_policy": [],
            "geoproximity_routing_policy": [],
            "health_check_id": "",
            "id": "Z00702703TRRCRPW5N4ZN_miggo.playground.miggo.io_NS",
            "latency_routing_policy": [],
            "multivalue_answer_routing_policy": false,
            "name": "miggo.playground.miggo.io",
            "records": [
              "ns-1509.awsdns-60.org",
              "ns-1712.awsdns-22.co.uk",
              "ns-202.awsdns-25.com",
              "ns-556.awsdns-05.net"
            ],
            "set_identifier": "",
            "ttl": 172800,
            "type": "NS",
            "weighted_routing_policy": [],
            "zone_id": "Z00702703TRRCRPW5N4ZN"
          },
          "sensitive_attributes": [],
          "private": "eyJzY2hlbWFfdmVyc2lvbiI6IjIifQ==",
          "dependencies": [
            "aws_route53_zone.sub_domain",
            "data.aws_route53_zone.selected",
            "module.vpc.aws_vpc.this"
          ]
        }
      ]
    },
    {
      "mode": "managed",
      "type": "aws_route53_zone",
      "name": "sub_domain",
      "provider": "provider[\"registry.terraform.io/hashicorp/aws\"]",
      "instances": [
        {
          "index_key": 0,
          "schema_version": 0,
          "attributes": {
            "arn": "arn:aws:route53:::hostedzone/Z081898219OHKZ8YHVX9J",
            "comment": "miggo.playground.miggo.io",
            "delegation_set_id": "",
            "force_destroy": false,
            "id": "Z081898219OHKZ8YHVX9J",
            "name": "miggo.playground.miggo.io",
            "name_servers": [
              "ns-1509.awsdns-60.org",
              "ns-1712.awsdns-22.co.uk",
              "ns-202.awsdns-25.com",
              "ns-556.awsdns-05.net"
            ],
            "primary_name_server": "ns-1509.awsdns-60.org",
            "tags": {},
            "tags_all": {},
            "vpc": [],
            "zone_id": "Z081898219OHKZ8YHVX9J"
          },
          "sensitive_attributes": [],
          "private": "bnVsbA==",
          "dependencies": [
            "module.vpc.aws_vpc.this"
          ]
        }
      ]
    },
    {
      "mode": "managed",
      "type": "aws_security_group",
      "name": "alb_collector",
      "provider": "provider[\"registry.terraform.io/hashicorp/aws\"]",
      "instances": [
        {
          "index_key": 0,
          "schema_version": 1,
          "attributes": {
            "arn": "arn:aws:ec2:eu-central-1:992382548049:security-group/sg-02abd960b98366bb4",
            "description": "Allow inbound/outbound traffic for Miggo collector",
            "egress": [
              {
                "cidr_blocks": [
                  "0.0.0.0/0"
                ],
                "description": "Outbound all",
                "from_port": 0,
                "ipv6_cidr_blocks": [
                  "::/0"
                ],
                "prefix_list_ids": [],
                "protocol": "-1",
                "security_groups": [],
                "self": false,
                "to_port": 0
              }
            ],
            "id": "sg-02abd960b98366bb4",
            "ingress": [
              {
                "cidr_blocks": [
                  "0.0.0.0/0"
                ],
                "description": "Inbound from NAT to collector ALB HTTP",
                "from_port": 443,
                "ipv6_cidr_blocks": [],
                "prefix_list_ids": [],
                "protocol": "tcp",
                "security_groups": [],
                "self": false,
                "to_port": 4318
              }
            ],
            "name": "miggo-collector-alb",
            "name_prefix": "",
            "owner_id": "992382548049",
            "revoke_rules_on_delete": false,
            "tags": {},
            "tags_all": {},
            "timeouts": null,
            "vpc_id": "vpc-0ce1f8c577b2c2efe"
          },
          "sensitive_attributes": [],
          "private": "eyJlMmJmYjczMC1lY2FhLTExZTYtOGY4OC0zNDM2M2JjN2M0YzAiOnsiY3JlYXRlIjo2MDAwMDAwMDAwMDAsImRlbGV0ZSI6OTAwMDAwMDAwMDAwfSwic2NoZW1hX3ZlcnNpb24iOiIxIn0=",
          "dependencies": [
            "module.vpc.aws_vpc.this"
          ]
        }
      ]
    },
    {
      "mode": "managed",
      "type": "aws_security_group",
      "name": "alb_demo",
      "provider": "provider[\"registry.terraform.io/hashicorp/aws\"]",
      "instances": [
        {
          "index_key": 0,
          "schema_version": 1,
          "attributes": {
            "arn": "arn:aws:ec2:eu-central-1:992382548049:security-group/sg-02d13034b784d0321",
            "description": "Allow inbound/outbound traffic for Miggo demo",
            "egress": [
              {
                "cidr_blocks": [
                  "0.0.0.0/0"
                ],
                "description": "Outbound all",
                "from_port": 0,
                "ipv6_cidr_blocks": [
                  "::/0"
                ],
                "prefix_list_ids": [],
                "protocol": "-1",
                "security_groups": [],
                "self": false,
                "to_port": 0
              }
            ],
            "id": "sg-02d13034b784d0321",
            "ingress": [
              {
                "cidr_blocks": [
                  "0.0.0.0/0"
                ],
                "description": "Inbound from NAT to demo ALB HTTP",
                "from_port": 443,
                "ipv6_cidr_blocks": [],
                "prefix_list_ids": [],
                "protocol": "tcp",
                "security_groups": [],
                "self": false,
                "to_port": 2368
              }
            ],
            "name": "miggo-demo-alb",
            "name_prefix": "",
            "owner_id": "992382548049",
            "revoke_rules_on_delete": false,
            "tags": {},
            "tags_all": {},
            "timeouts": null,
            "vpc_id": "vpc-0ce1f8c577b2c2efe"
          },
          "sensitive_attributes": [],
          "private": "eyJlMmJmYjczMC1lY2FhLTExZTYtOGY4OC0zNDM2M2JjN2M0YzAiOnsiY3JlYXRlIjo2MDAwMDAwMDAwMDAsImRlbGV0ZSI6OTAwMDAwMDAwMDAwfSwic2NoZW1hX3ZlcnNpb24iOiIxIn0=",
          "dependencies": [
            "module.vpc.aws_vpc.this"
          ]
        }
      ]
    },
    {
      "mode": "managed",
      "type": "aws_security_group",
      "name": "collector",
      "provider": "provider[\"registry.terraform.io/hashicorp/aws\"]",
      "instances": [
        {
          "index_key": 0,
          "schema_version": 1,
          "attributes": {
            "arn": "arn:aws:ec2:eu-central-1:992382548049:security-group/sg-011c03625889c15fa",
            "description": "Allow inbound/outbound traffic for Miggo collector",
            "egress": [
              {
                "cidr_blocks": [
                  "0.0.0.0/0"
                ],
                "description": "Outbound all",
                "from_port": 0,
                "ipv6_cidr_blocks": [
                  "::/0"
                ],
                "prefix_list_ids": [],
                "protocol": "-1",
                "security_groups": [],
                "self": false,
                "to_port": 0
              }
            ],
            "id": "sg-011c03625889c15fa",
            "ingress": [
              {
                "cidr_blocks": [
                  "0.0.0.0/0"
                ],
                "description": "Health check for oTel",
                "from_port": 13133,
                "ipv6_cidr_blocks": [],
                "prefix_list_ids": [],
                "protocol": "tcp",
                "security_groups": [],
                "self": false,
                "to_port": 13133
              },
              {
                "cidr_blocks": [
                  "0.0.0.0/0"
                ],
                "description": "Inbound from ALB to collector for http",
                "from_port": 4318,
                "ipv6_cidr_blocks": [],
                "prefix_list_ids": [],
                "protocol": "tcp",
                "security_groups": [],
                "self": false,
                "to_port": 4318
              }
            ],
            "name": "miggo-collector",
            "name_prefix": "",
            "owner_id": "992382548049",
            "revoke_rules_on_delete": false,
            "tags": {},
            "tags_all": {},
            "timeouts": null,
            "vpc_id": "vpc-0ce1f8c577b2c2efe"
          },
          "sensitive_attributes": [],
          "private": "eyJlMmJmYjczMC1lY2FhLTExZTYtOGY4OC0zNDM2M2JjN2M0YzAiOnsiY3JlYXRlIjo2MDAwMDAwMDAwMDAsImRlbGV0ZSI6OTAwMDAwMDAwMDAwfSwic2NoZW1hX3ZlcnNpb24iOiIxIn0=",
          "dependencies": [
            "module.vpc.aws_vpc.this"
          ]
        }
      ]
    },
    {
      "mode": "managed",
      "type": "aws_security_group",
      "name": "demo",
      "provider": "provider[\"registry.terraform.io/hashicorp/aws\"]",
      "instances": [
        {
          "index_key": 0,
          "schema_version": 1,
          "attributes": {
            "arn": "arn:aws:ec2:eu-central-1:992382548049:security-group/sg-099e5ea543c0ce9b3",
            "description": "Allow inbound/outbound traffic for Miggo demo",
            "egress": [
              {
                "cidr_blocks": [
                  "0.0.0.0/0"
                ],
                "description": "Outbound all",
                "from_port": 0,
                "ipv6_cidr_blocks": [
                  "::/0"
                ],
                "prefix_list_ids": [],
                "protocol": "-1",
                "security_groups": [],
                "self": false,
                "to_port": 0
              }
            ],
            "id": "sg-099e5ea543c0ce9b3",
            "ingress": [
              {
                "cidr_blocks": [
                  "0.0.0.0/0"
                ],
                "description": "Inbound from ALB to demo for http",
                "from_port": 2368,
                "ipv6_cidr_blocks": [],
                "prefix_list_ids": [],
                "protocol": "tcp",
                "security_groups": [],
                "self": false,
                "to_port": 2368
              }
            ],
            "name": "miggo-demo",
            "name_prefix": "",
            "owner_id": "992382548049",
            "revoke_rules_on_delete": false,
            "tags": {},
            "tags_all": {},
            "timeouts": null,
            "vpc_id": "vpc-0ce1f8c577b2c2efe"
          },
          "sensitive_attributes": [],
          "private": "eyJlMmJmYjczMC1lY2FhLTExZTYtOGY4OC0zNDM2M2JjN2M0YzAiOnsiY3JlYXRlIjo2MDAwMDAwMDAwMDAsImRlbGV0ZSI6OTAwMDAwMDAwMDAwfSwic2NoZW1hX3ZlcnNpb24iOiIxIn0=",
          "dependencies": [
            "module.vpc.aws_vpc.this"
          ]
        }
      ]
    },
    {
      "mode": "managed",
      "type": "aws_security_group",
      "name": "ecs_node_sg",
      "provider": "provider[\"registry.terraform.io/hashicorp/aws\"]",
      "instances": [
        {
          "index_key": 0,
          "schema_version": 1,
          "attributes": {
            "arn": "arn:aws:ec2:eu-central-1:992382548049:security-group/sg-0ae01aed3af3ad5bd",
            "description": "Managed by Terraform",
            "egress": [
              {
                "cidr_blocks": [
                  "0.0.0.0/0"
                ],
                "description": "",
                "from_port": 0,
                "ipv6_cidr_blocks": [],
                "prefix_list_ids": [],
                "protocol": "tcp",
                "security_groups": [],
                "self": false,
                "to_port": 65535
              }
            ],
            "id": "sg-0ae01aed3af3ad5bd",
            "ingress": [],
            "name": "demo-ecs-node-sg-20240321100900002900000002",
            "name_prefix": "demo-ecs-node-sg-",
            "owner_id": "992382548049",
            "revoke_rules_on_delete": false,
            "tags": {},
            "tags_all": {},
            "timeouts": null,
            "vpc_id": "vpc-0ce1f8c577b2c2efe"
          },
          "sensitive_attributes": [],
          "private": "eyJlMmJmYjczMC1lY2FhLTExZTYtOGY4OC0zNDM2M2JjN2M0YzAiOnsiY3JlYXRlIjo2MDAwMDAwMDAwMDAsImRlbGV0ZSI6OTAwMDAwMDAwMDAwfSwic2NoZW1hX3ZlcnNpb24iOiIxIn0=",
          "dependencies": [
            "module.vpc.aws_vpc.this"
          ]
        }
      ]
    },
    {
      "module": "module.acm[0]",
      "mode": "managed",
      "type": "aws_acm_certificate",
      "name": "this",
      "provider": "provider[\"registry.terraform.io/hashicorp/aws\"]",
      "instances": [
        {
          "index_key": 0,
          "schema_version": 0,
          "attributes": {
            "arn": "arn:aws:acm:eu-central-1:992382548049:certificate/72aa4210-2a84-49e9-b0fc-fe797394b1d0",
            "certificate_authority_arn": "",
            "certificate_body": null,
            "certificate_chain": null,
            "domain_name": "collector.miggo.playground.miggo.io",
            "domain_validation_options": [
              {
                "domain_name": "collector.miggo.playground.miggo.io",
                "resource_record_name": "_8414f89494dc96ee17cd0060ca46be0a.collector.miggo.playground.miggo.io.",
                "resource_record_type": "CNAME",
                "resource_record_value": "_84efad31877287325bb64f37063e20be.mhbtsbpdnt.acm-validations.aws."
              },
              {
                "domain_name": "demo.miggo.playground.miggo.io",
                "resource_record_name": "_af54c171c05c94e3acdf380aeb8ccd07.demo.miggo.playground.miggo.io.",
                "resource_record_type": "CNAME",
                "resource_record_value": "_d481ccf1f6a41f10bf5100649fb99fe0.mhbtsbpdnt.acm-validations.aws."
              }
            ],
            "early_renewal_duration": "",
            "id": "arn:aws:acm:eu-central-1:992382548049:certificate/72aa4210-2a84-49e9-b0fc-fe797394b1d0",
            "key_algorithm": "RSA_2048",
            "not_after": "2025-04-19T23:59:59Z",
            "not_before": "2024-03-21T00:00:00Z",
            "options": [
              {
                "certificate_transparency_logging_preference": "ENABLED"
              }
            ],
            "pending_renewal": false,
            "private_key": null,
            "renewal_eligibility": "ELIGIBLE",
            "renewal_summary": [],
            "status": "ISSUED",
            "subject_alternative_names": [
              "collector.miggo.playground.miggo.io",
              "demo.miggo.playground.miggo.io"
            ],
            "tags": {
              "Environment": "miggo",
              "Service": "Miggo",
              "terraform": "true"
            },
            "tags_all": {
              "Environment": "miggo",
              "Service": "Miggo",
              "terraform": "true"
            },
            "type": "AMAZON_ISSUED",
            "validation_emails": [],
            "validation_method": "DNS",
            "validation_option": []
          },
          "sensitive_attributes": [],
          "private": "bnVsbA==",
          "create_before_destroy": true
        }
      ]
    },
    {
      "module": "module.acm[0]",
      "mode": "managed",
      "type": "aws_acm_certificate_validation",
      "name": "this",
      "provider": "provider[\"registry.terraform.io/hashicorp/aws\"]",
      "instances": [
        {
          "index_key": 0,
          "schema_version": 0,
          "attributes": {
            "certificate_arn": "arn:aws:acm:eu-central-1:992382548049:certificate/72aa4210-2a84-49e9-b0fc-fe797394b1d0",
            "id": "0001-01-01 00:00:00 +0000 UTC",
            "timeouts": null,
            "validation_record_fqdns": [
              "_8414f89494dc96ee17cd0060ca46be0a.collector.miggo.playground.miggo.io",
              "_af54c171c05c94e3acdf380aeb8ccd07.demo.miggo.playground.miggo.io"
            ]
          },
          "sensitive_attributes": [],
          "private": "eyJlMmJmYjczMC1lY2FhLTExZTYtOGY4OC0zNDM2M2JjN2M0YzAiOnsiY3JlYXRlIjo0NTAwMDAwMDAwMDAwfX0=",
          "dependencies": [
            "aws_route53_zone.sub_domain",
            "data.aws_route53_zone.selected",
            "module.acm.aws_acm_certificate.this",
            "module.acm.aws_route53_record.validation",
            "module.vpc.aws_vpc.this"
          ]
        }
      ]
    },
    {
      "module": "module.acm[0]",
      "mode": "managed",
      "type": "aws_route53_record",
      "name": "validation",
      "provider": "provider[\"registry.terraform.io/hashicorp/aws\"]",
      "instances": [
        {
          "index_key": 0,
          "schema_version": 2,
          "attributes": {
            "alias": [],
            "allow_overwrite": true,
            "cidr_routing_policy": [],
            "failover_routing_policy": [],
            "fqdn": "_8414f89494dc96ee17cd0060ca46be0a.collector.miggo.playground.miggo.io",
            "geolocation_routing_policy": [],
            "geoproximity_routing_policy": [],
            "health_check_id": "",
            "id": "Z081898219OHKZ8YHVX9J__8414f89494dc96ee17cd0060ca46be0a.collector.miggo.playground.miggo.io._CNAME",
            "latency_routing_policy": [],
            "multivalue_answer_routing_policy": false,
            "name": "_8414f89494dc96ee17cd0060ca46be0a.collector.miggo.playground.miggo.io",
            "records": [
              "_84efad31877287325bb64f37063e20be.mhbtsbpdnt.acm-validations.aws."
            ],
            "set_identifier": "",
            "ttl": 60,
            "type": "CNAME",
            "weighted_routing_policy": [],
            "zone_id": "Z081898219OHKZ8YHVX9J"
          },
          "sensitive_attributes": [],
          "private": "eyJzY2hlbWFfdmVyc2lvbiI6IjIifQ==",
          "dependencies": [
            "aws_route53_zone.sub_domain",
            "data.aws_route53_zone.selected",
            "module.acm.aws_acm_certificate.this",
            "module.vpc.aws_vpc.this"
          ]
        },
        {
          "index_key": 1,
          "schema_version": 2,
          "attributes": {
            "alias": [],
            "allow_overwrite": true,
            "cidr_routing_policy": [],
            "failover_routing_policy": [],
            "fqdn": "_af54c171c05c94e3acdf380aeb8ccd07.demo.miggo.playground.miggo.io",
            "geolocation_routing_policy": [],
            "geoproximity_routing_policy": [],
            "health_check_id": "",
            "id": "Z081898219OHKZ8YHVX9J__af54c171c05c94e3acdf380aeb8ccd07.demo.miggo.playground.miggo.io._CNAME",
            "latency_routing_policy": [],
            "multivalue_answer_routing_policy": false,
            "name": "_af54c171c05c94e3acdf380aeb8ccd07.demo.miggo.playground.miggo.io",
            "records": [
              "_d481ccf1f6a41f10bf5100649fb99fe0.mhbtsbpdnt.acm-validations.aws."
            ],
            "set_identifier": "",
            "ttl": 60,
            "type": "CNAME",
            "weighted_routing_policy": [],
            "zone_id": "Z081898219OHKZ8YHVX9J"
          },
          "sensitive_attributes": [],
          "private": "eyJzY2hlbWFfdmVyc2lvbiI6IjIifQ==",
          "dependencies": [
            "aws_route53_zone.sub_domain",
            "data.aws_route53_zone.selected",
            "module.acm.aws_acm_certificate.this",
            "module.vpc.aws_vpc.this"
          ]
        }
      ]
    },
    {
      "module": "module.vpc[0]",
      "mode": "managed",
      "type": "aws_default_network_acl",
      "name": "this",
      "provider": "provider[\"registry.terraform.io/hashicorp/aws\"]",
      "instances": [
        {
          "index_key": 0,
          "schema_version": 0,
          "attributes": {
            "arn": "arn:aws:ec2:eu-central-1:992382548049:network-acl/acl-011faf9e1ec328512",
            "default_network_acl_id": "acl-011faf9e1ec328512",
            "egress": [
              {
                "action": "allow",
                "cidr_block": "",
                "from_port": 0,
                "icmp_code": 0,
                "icmp_type": 0,
                "ipv6_cidr_block": "::/0",
                "protocol": "-1",
                "rule_no": 101,
                "to_port": 0
              },
              {
                "action": "allow",
                "cidr_block": "0.0.0.0/0",
                "from_port": 0,
                "icmp_code": 0,
                "icmp_type": 0,
                "ipv6_cidr_block": "",
                "protocol": "-1",
                "rule_no": 100,
                "to_port": 0
              }
            ],
            "id": "acl-011faf9e1ec328512",
            "ingress": [
              {
                "action": "allow",
                "cidr_block": "",
                "from_port": 0,
                "icmp_code": 0,
                "icmp_type": 0,
                "ipv6_cidr_block": "::/0",
                "protocol": "-1",
                "rule_no": 101,
                "to_port": 0
              },
              {
                "action": "allow",
                "cidr_block": "0.0.0.0/0",
                "from_port": 0,
                "icmp_code": 0,
                "icmp_type": 0,
                "ipv6_cidr_block": "",
                "protocol": "-1",
                "rule_no": 100,
                "to_port": 0
              }
            ],
            "owner_id": "992382548049",
            "subnet_ids": [
              "subnet-0115f88c89fb4baa8",
              "subnet-02b35b465c208b04a",
              "subnet-0764c039b8b27fc0b",
              "subnet-0d5fc524682bc67f0"
            ],
            "tags": {
              "Environment": "miggo",
              "Name": "miggo-miggo-vpc-default",
              "Service": "Miggo",
              "terraform": "true"
            },
            "tags_all": {
              "Environment": "miggo",
              "Name": "miggo-miggo-vpc-default",
              "Service": "Miggo",
              "terraform": "true"
            },
            "vpc_id": "vpc-0ce1f8c577b2c2efe"
          },
          "sensitive_attributes": [],
          "private": "bnVsbA==",
          "dependencies": [
            "module.vpc.aws_vpc.this"
          ]
        }
      ]
    },
    {
      "module": "module.vpc[0]",
      "mode": "managed",
      "type": "aws_default_route_table",
      "name": "default",
      "provider": "provider[\"registry.terraform.io/hashicorp/aws\"]",
      "instances": [
        {
          "index_key": 0,
          "schema_version": 0,
          "attributes": {
            "arn": "arn:aws:ec2:eu-central-1:992382548049:route-table/rtb-04f397c3b4242196e",
            "default_route_table_id": "rtb-04f397c3b4242196e",
            "id": "rtb-04f397c3b4242196e",
            "owner_id": "992382548049",
            "propagating_vgws": [],
            "route": [],
            "tags": {
              "Environment": "miggo",
              "Name": "miggo-miggo-vpc-default",
              "Service": "Miggo",
              "terraform": "true"
            },
            "tags_all": {
              "Environment": "miggo",
              "Name": "miggo-miggo-vpc-default",
              "Service": "Miggo",
              "terraform": "true"
            },
            "timeouts": {
              "create": "5m",
              "update": "5m"
            },
            "vpc_id": "vpc-0ce1f8c577b2c2efe"
          },
          "sensitive_attributes": [],
          "private": "eyJlMmJmYjczMC1lY2FhLTExZTYtOGY4OC0zNDM2M2JjN2M0YzAiOnsiY3JlYXRlIjozMDAwMDAwMDAwMDAsInVwZGF0ZSI6MzAwMDAwMDAwMDAwfX0=",
          "dependencies": [
            "module.vpc.aws_vpc.this"
          ]
        }
      ]
    },
    {
      "module": "module.vpc[0]",
      "mode": "managed",
      "type": "aws_default_security_group",
      "name": "this",
      "provider": "provider[\"registry.terraform.io/hashicorp/aws\"]",
      "instances": [
        {
          "index_key": 0,
          "schema_version": 1,
          "attributes": {
            "arn": "arn:aws:ec2:eu-central-1:992382548049:security-group/sg-03e2ac8b8bed54034",
            "description": "default VPC security group",
            "egress": [],
            "id": "sg-03e2ac8b8bed54034",
            "ingress": [],
            "name": "default",
            "name_prefix": "",
            "owner_id": "992382548049",
            "revoke_rules_on_delete": false,
            "tags": {
              "Environment": "miggo",
              "Name": "miggo-miggo-vpc-default",
              "Service": "Miggo",
              "terraform": "true"
            },
            "tags_all": {
              "Environment": "miggo",
              "Name": "miggo-miggo-vpc-default",
              "Service": "Miggo",
              "terraform": "true"
            },
            "vpc_id": "vpc-0ce1f8c577b2c2efe"
          },
          "sensitive_attributes": [],
          "private": "eyJzY2hlbWFfdmVyc2lvbiI6IjEifQ==",
          "dependencies": [
            "module.vpc.aws_vpc.this"
          ]
        }
      ]
    },
    {
      "module": "module.vpc[0]",
      "mode": "managed",
      "type": "aws_eip",
      "name": "nat",
      "provider": "provider[\"registry.terraform.io/hashicorp/aws\"]",
      "instances": [
        {
          "index_key": 0,
          "schema_version": 0,
          "attributes": {
            "address": null,
            "allocation_id": "eipalloc-0b90a84d14a4e6fe8",
            "associate_with_private_ip": null,
            "association_id": "eipassoc-098ddb7d207eb9f0c",
            "carrier_ip": "",
            "customer_owned_ip": "",
            "customer_owned_ipv4_pool": "",
            "domain": "vpc",
            "id": "eipalloc-0b90a84d14a4e6fe8",
            "instance": "",
            "network_border_group": "eu-central-1",
            "network_interface": "eni-01e5ba8045f85b78b",
            "private_dns": "ip-172-30-1-78.eu-central-1.compute.internal",
            "private_ip": "172.30.1.78",
            "public_dns": "ec2-18-196-197-254.eu-central-1.compute.amazonaws.com",
            "public_ip": "18.196.197.254",
            "public_ipv4_pool": "amazon",
            "tags": {
              "Environment": "miggo",
              "Name": "miggo-miggo-vpc-eu-central-1a",
              "Service": "Miggo",
              "terraform": "true"
            },
            "tags_all": {
              "Environment": "miggo",
              "Name": "miggo-miggo-vpc-eu-central-1a",
              "Service": "Miggo",
              "terraform": "true"
            },
            "timeouts": null,
            "vpc": true
          },
          "sensitive_attributes": [],
          "private": "eyJlMmJmYjczMC1lY2FhLTExZTYtOGY4OC0zNDM2M2JjN2M0YzAiOnsiZGVsZXRlIjoxODAwMDAwMDAwMDAsInJlYWQiOjkwMDAwMDAwMDAwMCwidXBkYXRlIjozMDAwMDAwMDAwMDB9fQ==",
          "dependencies": [
            "data.aws_region.current"
          ]
        }
      ]
    },
    {
      "module": "module.vpc[0]",
      "mode": "managed",
      "type": "aws_internet_gateway",
      "name": "this",
      "provider": "provider[\"registry.terraform.io/hashicorp/aws\"]",
      "instances": [
        {
          "index_key": 0,
          "schema_version": 0,
          "attributes": {
            "arn": "arn:aws:ec2:eu-central-1:992382548049:internet-gateway/igw-0eab901b58e6e1eb4",
            "id": "igw-0eab901b58e6e1eb4",
            "owner_id": "992382548049",
            "tags": {
              "Environment": "miggo",
              "Name": "miggo-miggo-vpc",
              "Service": "Miggo",
              "terraform": "true"
            },
            "tags_all": {
              "Environment": "miggo",
              "Name": "miggo-miggo-vpc",
              "Service": "Miggo",
              "terraform": "true"
            },
            "timeouts": null,
            "vpc_id": "vpc-0ce1f8c577b2c2efe"
          },
          "sensitive_attributes": [],
          "private": "eyJlMmJmYjczMC1lY2FhLTExZTYtOGY4OC0zNDM2M2JjN2M0YzAiOnsiY3JlYXRlIjoxMjAwMDAwMDAwMDAwLCJkZWxldGUiOjEyMDAwMDAwMDAwMDAsInVwZGF0ZSI6MTIwMDAwMDAwMDAwMH19",
          "dependencies": [
            "module.vpc.aws_vpc.this",
            "module.vpc.aws_vpc_ipv4_cidr_block_association.this"
          ]
        }
      ]
    },
    {
      "module": "module.vpc[0]",
      "mode": "managed",
      "type": "aws_nat_gateway",
      "name": "this",
      "provider": "provider[\"registry.terraform.io/hashicorp/aws\"]",
      "instances": [
        {
          "index_key": 0,
          "schema_version": 0,
          "attributes": {
            "allocation_id": "eipalloc-0b90a84d14a4e6fe8",
            "association_id": "eipassoc-098ddb7d207eb9f0c",
            "connectivity_type": "public",
            "id": "nat-074a7d7418b60e370",
            "network_interface_id": "eni-01e5ba8045f85b78b",
            "private_ip": "172.30.1.78",
            "public_ip": "18.196.197.254",
            "secondary_allocation_ids": [],
            "secondary_private_ip_address_count": 0,
            "secondary_private_ip_addresses": [],
            "subnet_id": "subnet-02b35b465c208b04a",
            "tags": {
              "Environment": "miggo",
              "Name": "miggo-miggo-vpc-eu-central-1a",
              "Service": "Miggo",
              "terraform": "true"
            },
            "tags_all": {
              "Environment": "miggo",
              "Name": "miggo-miggo-vpc-eu-central-1a",
              "Service": "Miggo",
              "terraform": "true"
            },
            "timeouts": null
          },
          "sensitive_attributes": [],
          "private": "eyJlMmJmYjczMC1lY2FhLTExZTYtOGY4OC0zNDM2M2JjN2M0YzAiOnsiY3JlYXRlIjo2MDAwMDAwMDAwMDAsImRlbGV0ZSI6MTgwMDAwMDAwMDAwMCwidXBkYXRlIjo2MDAwMDAwMDAwMDB9fQ==",
          "dependencies": [
            "data.aws_region.current",
            "module.vpc.aws_eip.nat",
            "module.vpc.aws_internet_gateway.this",
            "module.vpc.aws_subnet.public",
            "module.vpc.aws_vpc.this",
            "module.vpc.aws_vpc_ipv4_cidr_block_association.this"
          ]
        }
      ]
    },
    {
      "module": "module.vpc[0]",
      "mode": "managed",
      "type": "aws_route",
      "name": "private_nat_gateway",
      "provider": "provider[\"registry.terraform.io/hashicorp/aws\"]",
      "instances": [
        {
          "index_key": 0,
          "schema_version": 0,
          "attributes": {
            "carrier_gateway_id": "",
            "core_network_arn": "",
            "destination_cidr_block": "0.0.0.0/0",
            "destination_ipv6_cidr_block": "",
            "destination_prefix_list_id": "",
            "egress_only_gateway_id": "",
            "gateway_id": "",
            "id": "r-rtb-0c2588cd0b93948621080289494",
            "instance_id": "",
            "instance_owner_id": "",
            "local_gateway_id": "",
            "nat_gateway_id": "nat-074a7d7418b60e370",
            "network_interface_id": "",
            "origin": "CreateRoute",
            "route_table_id": "rtb-0c2588cd0b9394862",
            "state": "active",
            "timeouts": {
              "create": "5m",
              "delete": null,
              "update": null
            },
            "transit_gateway_id": "",
            "vpc_endpoint_id": "",
            "vpc_peering_connection_id": ""
          },
          "sensitive_attributes": [],
          "private": "eyJlMmJmYjczMC1lY2FhLTExZTYtOGY4OC0zNDM2M2JjN2M0YzAiOnsiY3JlYXRlIjozMDAwMDAwMDAwMDAsImRlbGV0ZSI6MzAwMDAwMDAwMDAwLCJ1cGRhdGUiOjEyMDAwMDAwMDAwMH19",
          "dependencies": [
            "data.aws_region.current",
            "module.vpc.aws_eip.nat",
            "module.vpc.aws_internet_gateway.this",
            "module.vpc.aws_nat_gateway.this",
            "module.vpc.aws_route_table.private",
            "module.vpc.aws_subnet.public",
            "module.vpc.aws_vpc.this",
            "module.vpc.aws_vpc_ipv4_cidr_block_association.this"
          ]
        }
      ]
    },
    {
      "module": "module.vpc[0]",
      "mode": "managed",
      "type": "aws_route",
      "name": "public_internet_gateway",
      "provider": "provider[\"registry.terraform.io/hashicorp/aws\"]",
      "instances": [
        {
          "index_key": 0,
          "schema_version": 0,
          "attributes": {
            "carrier_gateway_id": "",
            "core_network_arn": "",
            "destination_cidr_block": "0.0.0.0/0",
            "destination_ipv6_cidr_block": "",
            "destination_prefix_list_id": "",
            "egress_only_gateway_id": "",
            "gateway_id": "igw-0eab901b58e6e1eb4",
            "id": "r-rtb-01a5e3547757d0c771080289494",
            "instance_id": "",
            "instance_owner_id": "",
            "local_gateway_id": "",
            "nat_gateway_id": "",
            "network_interface_id": "",
            "origin": "CreateRoute",
            "route_table_id": "rtb-01a5e3547757d0c77",
            "state": "active",
            "timeouts": {
              "create": "5m",
              "delete": null,
              "update": null
            },
            "transit_gateway_id": "",
            "vpc_endpoint_id": "",
            "vpc_peering_connection_id": ""
          },
          "sensitive_attributes": [],
          "private": "eyJlMmJmYjczMC1lY2FhLTExZTYtOGY4OC0zNDM2M2JjN2M0YzAiOnsiY3JlYXRlIjozMDAwMDAwMDAwMDAsImRlbGV0ZSI6MzAwMDAwMDAwMDAwLCJ1cGRhdGUiOjEyMDAwMDAwMDAwMH19",
          "dependencies": [
            "module.vpc.aws_internet_gateway.this",
            "module.vpc.aws_route_table.public",
            "module.vpc.aws_vpc.this",
            "module.vpc.aws_vpc_ipv4_cidr_block_association.this"
          ]
        }
      ]
    },
    {
      "module": "module.vpc[0]",
      "mode": "managed",
      "type": "aws_route_table",
      "name": "private",
      "provider": "provider[\"registry.terraform.io/hashicorp/aws\"]",
      "instances": [
        {
          "index_key": 0,
          "schema_version": 0,
          "attributes": {
            "arn": "arn:aws:ec2:eu-central-1:992382548049:route-table/rtb-0c2588cd0b9394862",
            "id": "rtb-0c2588cd0b9394862",
            "owner_id": "992382548049",
            "propagating_vgws": [],
            "route": [
              {
                "carrier_gateway_id": "",
                "cidr_block": "0.0.0.0/0",
                "core_network_arn": "",
                "destination_prefix_list_id": "",
                "egress_only_gateway_id": "",
                "gateway_id": "",
                "ipv6_cidr_block": "",
                "local_gateway_id": "",
                "nat_gateway_id": "nat-074a7d7418b60e370",
                "network_interface_id": "",
                "transit_gateway_id": "",
                "vpc_endpoint_id": "",
                "vpc_peering_connection_id": ""
              }
            ],
            "tags": {
              "Environment": "miggo",
              "Name": "miggo-miggo-vpc-private",
              "Service": "Miggo",
              "terraform": "true"
            },
            "tags_all": {
              "Environment": "miggo",
              "Name": "miggo-miggo-vpc-private",
              "Service": "Miggo",
              "terraform": "true"
            },
            "timeouts": null,
            "vpc_id": "vpc-0ce1f8c577b2c2efe"
          },
          "sensitive_attributes": [],
          "private": "eyJlMmJmYjczMC1lY2FhLTExZTYtOGY4OC0zNDM2M2JjN2M0YzAiOnsiY3JlYXRlIjozMDAwMDAwMDAwMDAsImRlbGV0ZSI6MzAwMDAwMDAwMDAwLCJ1cGRhdGUiOjEyMDAwMDAwMDAwMH19",
          "dependencies": [
            "data.aws_region.current",
            "module.vpc.aws_vpc.this",
            "module.vpc.aws_vpc_ipv4_cidr_block_association.this"
          ]
        }
      ]
    },
    {
      "module": "module.vpc[0]",
      "mode": "managed",
      "type": "aws_route_table",
      "name": "public",
      "provider": "provider[\"registry.terraform.io/hashicorp/aws\"]",
      "instances": [
        {
          "index_key": 0,
          "schema_version": 0,
          "attributes": {
            "arn": "arn:aws:ec2:eu-central-1:992382548049:route-table/rtb-01a5e3547757d0c77",
            "id": "rtb-01a5e3547757d0c77",
            "owner_id": "992382548049",
            "propagating_vgws": [],
            "route": [
              {
                "carrier_gateway_id": "",
                "cidr_block": "0.0.0.0/0",
                "core_network_arn": "",
                "destination_prefix_list_id": "",
                "egress_only_gateway_id": "",
                "gateway_id": "igw-0eab901b58e6e1eb4",
                "ipv6_cidr_block": "",
                "local_gateway_id": "",
                "nat_gateway_id": "",
                "network_interface_id": "",
                "transit_gateway_id": "",
                "vpc_endpoint_id": "",
                "vpc_peering_connection_id": ""
              }
            ],
            "tags": {
              "Environment": "miggo",
              "Name": "miggo-miggo-vpc-public",
              "Service": "Miggo",
              "terraform": "true"
            },
            "tags_all": {
              "Environment": "miggo",
              "Name": "miggo-miggo-vpc-public",
              "Service": "Miggo",
              "terraform": "true"
            },
            "timeouts": null,
            "vpc_id": "vpc-0ce1f8c577b2c2efe"
          },
          "sensitive_attributes": [],
          "private": "eyJlMmJmYjczMC1lY2FhLTExZTYtOGY4OC0zNDM2M2JjN2M0YzAiOnsiY3JlYXRlIjozMDAwMDAwMDAwMDAsImRlbGV0ZSI6MzAwMDAwMDAwMDAwLCJ1cGRhdGUiOjEyMDAwMDAwMDAwMH19",
          "dependencies": [
            "module.vpc.aws_vpc.this",
            "module.vpc.aws_vpc_ipv4_cidr_block_association.this"
          ]
        }
      ]
    },
    {
      "module": "module.vpc[0]",
      "mode": "managed",
      "type": "aws_route_table_association",
      "name": "private",
      "provider": "provider[\"registry.terraform.io/hashicorp/aws\"]",
      "instances": [
        {
          "index_key": 0,
          "schema_version": 0,
          "attributes": {
            "gateway_id": "",
            "id": "rtbassoc-005da8a2598793671",
            "route_table_id": "rtb-0c2588cd0b9394862",
            "subnet_id": "subnet-0115f88c89fb4baa8",
            "timeouts": null
          },
          "sensitive_attributes": [],
          "private": "eyJlMmJmYjczMC1lY2FhLTExZTYtOGY4OC0zNDM2M2JjN2M0YzAiOnsiY3JlYXRlIjozMDAwMDAwMDAwMDAsImRlbGV0ZSI6MzAwMDAwMDAwMDAwLCJ1cGRhdGUiOjEyMDAwMDAwMDAwMH19",
          "dependencies": [
            "data.aws_region.current",
            "module.vpc.aws_route_table.private",
            "module.vpc.aws_subnet.private",
            "module.vpc.aws_vpc.this",
            "module.vpc.aws_vpc_ipv4_cidr_block_association.this"
          ]
        },
        {
          "index_key": 1,
          "schema_version": 0,
          "attributes": {
            "gateway_id": "",
            "id": "rtbassoc-038e750f4960586fe",
            "route_table_id": "rtb-0c2588cd0b9394862",
            "subnet_id": "subnet-0764c039b8b27fc0b",
            "timeouts": null
          },
          "sensitive_attributes": [],
          "private": "eyJlMmJmYjczMC1lY2FhLTExZTYtOGY4OC0zNDM2M2JjN2M0YzAiOnsiY3JlYXRlIjozMDAwMDAwMDAwMDAsImRlbGV0ZSI6MzAwMDAwMDAwMDAwLCJ1cGRhdGUiOjEyMDAwMDAwMDAwMH19",
          "dependencies": [
            "data.aws_region.current",
            "module.vpc.aws_route_table.private",
            "module.vpc.aws_subnet.private",
            "module.vpc.aws_vpc.this",
            "module.vpc.aws_vpc_ipv4_cidr_block_association.this"
          ]
        }
      ]
    },
    {
      "module": "module.vpc[0]",
      "mode": "managed",
      "type": "aws_route_table_association",
      "name": "public",
      "provider": "provider[\"registry.terraform.io/hashicorp/aws\"]",
      "instances": [
        {
          "index_key": 0,
          "schema_version": 0,
          "attributes": {
            "gateway_id": "",
            "id": "rtbassoc-0f33071e689b73c0a",
            "route_table_id": "rtb-01a5e3547757d0c77",
            "subnet_id": "subnet-02b35b465c208b04a",
            "timeouts": null
          },
          "sensitive_attributes": [],
          "private": "eyJlMmJmYjczMC1lY2FhLTExZTYtOGY4OC0zNDM2M2JjN2M0YzAiOnsiY3JlYXRlIjozMDAwMDAwMDAwMDAsImRlbGV0ZSI6MzAwMDAwMDAwMDAwLCJ1cGRhdGUiOjEyMDAwMDAwMDAwMH19",
          "dependencies": [
            "data.aws_region.current",
            "module.vpc.aws_route_table.public",
            "module.vpc.aws_subnet.public",
            "module.vpc.aws_vpc.this",
            "module.vpc.aws_vpc_ipv4_cidr_block_association.this"
          ]
        },
        {
          "index_key": 1,
          "schema_version": 0,
          "attributes": {
            "gateway_id": "",
            "id": "rtbassoc-0e3a0e3d57ec9b386",
            "route_table_id": "rtb-01a5e3547757d0c77",
            "subnet_id": "subnet-0d5fc524682bc67f0",
            "timeouts": null
          },
          "sensitive_attributes": [],
          "private": "eyJlMmJmYjczMC1lY2FhLTExZTYtOGY4OC0zNDM2M2JjN2M0YzAiOnsiY3JlYXRlIjozMDAwMDAwMDAwMDAsImRlbGV0ZSI6MzAwMDAwMDAwMDAwLCJ1cGRhdGUiOjEyMDAwMDAwMDAwMH19",
          "dependencies": [
            "data.aws_region.current",
            "module.vpc.aws_route_table.public",
            "module.vpc.aws_subnet.public",
            "module.vpc.aws_vpc.this",
            "module.vpc.aws_vpc_ipv4_cidr_block_association.this"
          ]
        }
      ]
    },
    {
      "module": "module.vpc[0]",
      "mode": "managed",
      "type": "aws_subnet",
      "name": "private",
      "provider": "provider[\"registry.terraform.io/hashicorp/aws\"]",
      "instances": [
        {
          "index_key": 0,
          "schema_version": 1,
          "attributes": {
            "arn": "arn:aws:ec2:eu-central-1:992382548049:subnet/subnet-0115f88c89fb4baa8",
            "assign_ipv6_address_on_creation": false,
            "availability_zone": "eu-central-1a",
            "availability_zone_id": "euc1-az2",
            "cidr_block": "172.30.1.0/27",
            "customer_owned_ipv4_pool": "",
            "enable_dns64": false,
            "enable_lni_at_device_index": 0,
            "enable_resource_name_dns_a_record_on_launch": false,
            "enable_resource_name_dns_aaaa_record_on_launch": false,
            "id": "subnet-0115f88c89fb4baa8",
            "ipv6_cidr_block": "",
            "ipv6_cidr_block_association_id": "",
            "ipv6_native": false,
            "map_customer_owned_ip_on_launch": false,
            "map_public_ip_on_launch": false,
            "outpost_arn": "",
            "owner_id": "992382548049",
            "private_dns_hostname_type_on_launch": "ip-name",
            "tags": {
              "Environment": "miggo",
              "Name": "miggo-miggo-vpc-private-eu-central-1a",
              "Service": "Miggo",
              "terraform": "true"
            },
            "tags_all": {
              "Environment": "miggo",
              "Name": "miggo-miggo-vpc-private-eu-central-1a",
              "Service": "Miggo",
              "terraform": "true"
            },
            "timeouts": null,
            "vpc_id": "vpc-0ce1f8c577b2c2efe"
          },
          "sensitive_attributes": [],
          "private": "eyJlMmJmYjczMC1lY2FhLTExZTYtOGY4OC0zNDM2M2JjN2M0YzAiOnsiY3JlYXRlIjo2MDAwMDAwMDAwMDAsImRlbGV0ZSI6MTIwMDAwMDAwMDAwMH0sInNjaGVtYV92ZXJzaW9uIjoiMSJ9",
          "dependencies": [
            "data.aws_region.current",
            "module.vpc.aws_vpc.this",
            "module.vpc.aws_vpc_ipv4_cidr_block_association.this"
          ]
        },
        {
          "index_key": 1,
          "schema_version": 1,
          "attributes": {
            "arn": "arn:aws:ec2:eu-central-1:992382548049:subnet/subnet-0764c039b8b27fc0b",
            "assign_ipv6_address_on_creation": false,
            "availability_zone": "eu-central-1b",
            "availability_zone_id": "euc1-az3",
            "cidr_block": "172.30.1.32/27",
            "customer_owned_ipv4_pool": "",
            "enable_dns64": false,
            "enable_lni_at_device_index": 0,
            "enable_resource_name_dns_a_record_on_launch": false,
            "enable_resource_name_dns_aaaa_record_on_launch": false,
            "id": "subnet-0764c039b8b27fc0b",
            "ipv6_cidr_block": "",
            "ipv6_cidr_block_association_id": "",
            "ipv6_native": false,
            "map_customer_owned_ip_on_launch": false,
            "map_public_ip_on_launch": false,
            "outpost_arn": "",
            "owner_id": "992382548049",
            "private_dns_hostname_type_on_launch": "ip-name",
            "tags": {
              "Environment": "miggo",
              "Name": "miggo-miggo-vpc-private-eu-central-1b",
              "Service": "Miggo",
              "terraform": "true"
            },
            "tags_all": {
              "Environment": "miggo",
              "Name": "miggo-miggo-vpc-private-eu-central-1b",
              "Service": "Miggo",
              "terraform": "true"
            },
            "timeouts": null,
            "vpc_id": "vpc-0ce1f8c577b2c2efe"
          },
          "sensitive_attributes": [],
          "private": "eyJlMmJmYjczMC1lY2FhLTExZTYtOGY4OC0zNDM2M2JjN2M0YzAiOnsiY3JlYXRlIjo2MDAwMDAwMDAwMDAsImRlbGV0ZSI6MTIwMDAwMDAwMDAwMH0sInNjaGVtYV92ZXJzaW9uIjoiMSJ9",
          "dependencies": [
            "data.aws_region.current",
            "module.vpc.aws_vpc.this",
            "module.vpc.aws_vpc_ipv4_cidr_block_association.this"
          ]
        }
      ]
    },
    {
      "module": "module.vpc[0]",
      "mode": "managed",
      "type": "aws_subnet",
      "name": "public",
      "provider": "provider[\"registry.terraform.io/hashicorp/aws\"]",
      "instances": [
        {
          "index_key": 0,
          "schema_version": 1,
          "attributes": {
            "arn": "arn:aws:ec2:eu-central-1:992382548049:subnet/subnet-02b35b465c208b04a",
            "assign_ipv6_address_on_creation": false,
            "availability_zone": "eu-central-1a",
            "availability_zone_id": "euc1-az2",
            "cidr_block": "172.30.1.64/27",
            "customer_owned_ipv4_pool": "",
            "enable_dns64": false,
            "enable_lni_at_device_index": 0,
            "enable_resource_name_dns_a_record_on_launch": false,
            "enable_resource_name_dns_aaaa_record_on_launch": false,
            "id": "subnet-02b35b465c208b04a",
            "ipv6_cidr_block": "",
            "ipv6_cidr_block_association_id": "",
            "ipv6_native": false,
            "map_customer_owned_ip_on_launch": false,
            "map_public_ip_on_launch": false,
            "outpost_arn": "",
            "owner_id": "992382548049",
            "private_dns_hostname_type_on_launch": "ip-name",
            "tags": {
              "Environment": "miggo",
              "Name": "miggo-miggo-vpc-public-eu-central-1a",
              "Service": "Miggo",
              "terraform": "true"
            },
            "tags_all": {
              "Environment": "miggo",
              "Name": "miggo-miggo-vpc-public-eu-central-1a",
              "Service": "Miggo",
              "terraform": "true"
            },
            "timeouts": null,
            "vpc_id": "vpc-0ce1f8c577b2c2efe"
          },
          "sensitive_attributes": [],
          "private": "eyJlMmJmYjczMC1lY2FhLTExZTYtOGY4OC0zNDM2M2JjN2M0YzAiOnsiY3JlYXRlIjo2MDAwMDAwMDAwMDAsImRlbGV0ZSI6MTIwMDAwMDAwMDAwMH0sInNjaGVtYV92ZXJzaW9uIjoiMSJ9",
          "dependencies": [
            "data.aws_region.current",
            "module.vpc.aws_vpc.this",
            "module.vpc.aws_vpc_ipv4_cidr_block_association.this"
          ]
        },
        {
          "index_key": 1,
          "schema_version": 1,
          "attributes": {
            "arn": "arn:aws:ec2:eu-central-1:992382548049:subnet/subnet-0d5fc524682bc67f0",
            "assign_ipv6_address_on_creation": false,
            "availability_zone": "eu-central-1b",
            "availability_zone_id": "euc1-az3",
            "cidr_block": "172.30.1.96/27",
            "customer_owned_ipv4_pool": "",
            "enable_dns64": false,
            "enable_lni_at_device_index": 0,
            "enable_resource_name_dns_a_record_on_launch": false,
            "enable_resource_name_dns_aaaa_record_on_launch": false,
            "id": "subnet-0d5fc524682bc67f0",
            "ipv6_cidr_block": "",
            "ipv6_cidr_block_association_id": "",
            "ipv6_native": false,
            "map_customer_owned_ip_on_launch": false,
            "map_public_ip_on_launch": false,
            "outpost_arn": "",
            "owner_id": "992382548049",
            "private_dns_hostname_type_on_launch": "ip-name",
            "tags": {
              "Environment": "miggo",
              "Name": "miggo-miggo-vpc-public-eu-central-1b",
              "Service": "Miggo",
              "terraform": "true"
            },
            "tags_all": {
              "Environment": "miggo",
              "Name": "miggo-miggo-vpc-public-eu-central-1b",
              "Service": "Miggo",
              "terraform": "true"
            },
            "timeouts": null,
            "vpc_id": "vpc-0ce1f8c577b2c2efe"
          },
          "sensitive_attributes": [],
          "private": "eyJlMmJmYjczMC1lY2FhLTExZTYtOGY4OC0zNDM2M2JjN2M0YzAiOnsiY3JlYXRlIjo2MDAwMDAwMDAwMDAsImRlbGV0ZSI6MTIwMDAwMDAwMDAwMH0sInNjaGVtYV92ZXJzaW9uIjoiMSJ9",
          "dependencies": [
            "data.aws_region.current",
            "module.vpc.aws_vpc.this",
            "module.vpc.aws_vpc_ipv4_cidr_block_association.this"
          ]
        }
      ]
    },
    {
      "module": "module.vpc[0]",
      "mode": "managed",
      "type": "aws_vpc",
      "name": "this",
      "provider": "provider[\"registry.terraform.io/hashicorp/aws\"]",
      "instances": [
        {
          "index_key": 0,
          "schema_version": 1,
          "attributes": {
            "arn": "arn:aws:ec2:eu-central-1:992382548049:vpc/vpc-0ce1f8c577b2c2efe",
            "assign_generated_ipv6_cidr_block": false,
            "cidr_block": "172.30.1.0/25",
            "default_network_acl_id": "acl-011faf9e1ec328512",
            "default_route_table_id": "rtb-04f397c3b4242196e",
            "default_security_group_id": "sg-03e2ac8b8bed54034",
            "dhcp_options_id": "dopt-082714e7e81d5e7e1",
            "enable_dns_hostnames": true,
            "enable_dns_support": true,
            "enable_network_address_usage_metrics": false,
            "id": "vpc-0ce1f8c577b2c2efe",
            "instance_tenancy": "default",
            "ipv4_ipam_pool_id": null,
            "ipv4_netmask_length": null,
            "ipv6_association_id": "",
            "ipv6_cidr_block": "",
            "ipv6_cidr_block_network_border_group": "",
            "ipv6_ipam_pool_id": "",
            "ipv6_netmask_length": 0,
            "main_route_table_id": "rtb-04f397c3b4242196e",
            "owner_id": "992382548049",
            "tags": {
              "Environment": "miggo",
              "Name": "miggo-miggo-vpc",
              "Service": "Miggo",
              "terraform": "true"
            },
            "tags_all": {
              "Environment": "miggo",
              "Name": "miggo-miggo-vpc",
              "Service": "Miggo",
              "terraform": "true"
            }
          },
          "sensitive_attributes": [],
          "private": "eyJzY2hlbWFfdmVyc2lvbiI6IjEifQ=="
        }
      ]
    }
  ],
  "check_results": []
}
